// !$*UTF8*$!
{
	archiveVersion = 1;
	classes = {
	};
	objectVersion = 45;
	objects = {

/* Begin PBXBuildFile section */
		1D3623EC0D0F72F000981E51 /* CoreGraphics.framework in Frameworks */ = {isa = PBXBuildFile; fileRef = 1D3623EB0D0F72F000981E51 /* CoreGraphics.framework */; };
		1D60589B0D05DD56006BFB54 /* main.m in Sources */ = {isa = PBXBuildFile; fileRef = 29B97316FDCFA39411CA2CEA /* main.m */; };
		1D60589F0D05DD5A006BFB54 /* Foundation.framework in Frameworks */ = {isa = PBXBuildFile; fileRef = 1D30AB110D05D00D00671497 /* Foundation.framework */; };
		1DF5F4E00D08C38300B7A737 /* UIKit.framework in Frameworks */ = {isa = PBXBuildFile; fileRef = 1DF5F4DF0D08C38300B7A737 /* UIKit.framework */; };
		2D500FB40D5A86C000DBA0E3 /* SystemConfiguration.framework in Frameworks */ = {isa = PBXBuildFile; fileRef = 2D500FB20D5A86C000DBA0E3 /* SystemConfiguration.framework */; };
		310F88EE0E89A95700FA95A4 /* TODO in Resources */ = {isa = PBXBuildFile; fileRef = 310F88ED0E89A95700FA95A4 /* TODO */; };
		312C951E0E7A38F200182164 /* ObjGit.m in Sources */ = {isa = PBXBuildFile; fileRef = 312C951D0E7A38F200182164 /* ObjGit.m */; };
		3191AB5F0E830E8600957F79 /* ObjGitCommit.m in Sources */ = {isa = PBXBuildFile; fileRef = 3191AB5A0E830E8600957F79 /* ObjGitCommit.m */; };
		3191AB600E830E8600957F79 /* ObjGitObject.m in Sources */ = {isa = PBXBuildFile; fileRef = 3191AB5C0E830E8600957F79 /* ObjGitObject.m */; };
		3191AB610E830E8600957F79 /* ObjGitServerHandler.m in Sources */ = {isa = PBXBuildFile; fileRef = 3191AB5E0E830E8600957F79 /* ObjGitServerHandler.m */; };
		3191AB810E830FA600957F79 /* libz.dylib in Frameworks */ = {isa = PBXBuildFile; fileRef = 3191AB800E830FA600957F79 /* libz.dylib */; };
		31C5B2870E8BF40500B07BE9 /* ObjGitTree.m in Sources */ = {isa = PBXBuildFile; fileRef = 31C5B2860E8BF40500B07BE9 /* ObjGitTree.m */; };
		31C5B2D00E8C31B000B07BE9 /* SenTestingKit.framework in Frameworks */ = {isa = PBXBuildFile; fileRef = 31C5B2CF0E8C31B000B07BE9 /* SenTestingKit.framework */; };
		31C5B2F10E8C326100B07BE9 /* ObjGitTree.m in Sources */ = {isa = PBXBuildFile; fileRef = 31C5B2860E8BF40500B07BE9 /* ObjGitTree.m */; };
		31C5B2F20E8C326100B07BE9 /* ObjGitTest.m in Sources */ = {isa = PBXBuildFile; fileRef = 31C5B2A20E8C2CEE00B07BE9 /* ObjGitTest.m */; };
		31C5B2F30E8C327E00B07BE9 /* ObjGit.m in Sources */ = {isa = PBXBuildFile; fileRef = 312C951D0E7A38F200182164 /* ObjGit.m */; };
		31C5B2F40E8C327E00B07BE9 /* ObjGitCommit.m in Sources */ = {isa = PBXBuildFile; fileRef = 3191AB5A0E830E8600957F79 /* ObjGitCommit.m */; };
		31C5B2F50E8C327E00B07BE9 /* ObjGitObject.m in Sources */ = {isa = PBXBuildFile; fileRef = 3191AB5C0E830E8600957F79 /* ObjGitObject.m */; };
		31C5B2F60E8C327E00B07BE9 /* ObjGitServerHandler.m in Sources */ = {isa = PBXBuildFile; fileRef = 3191AB5E0E830E8600957F79 /* ObjGitServerHandler.m */; };
		31C5B3070E8C333B00B07BE9 /* libz.dylib in Frameworks */ = {isa = PBXBuildFile; fileRef = 3191AB800E830FA600957F79 /* libz.dylib */; };
		31C5B3100E8C333E00B07BE9 /* Foundation.framework in Frameworks */ = {isa = PBXBuildFile; fileRef = 1D30AB110D05D00D00671497 /* Foundation.framework */; };
		31C5B3660E8C33F200B07BE9 /* SystemConfiguration.framework in Frameworks */ = {isa = PBXBuildFile; fileRef = 2D500FB20D5A86C000DBA0E3 /* SystemConfiguration.framework */; };
		31F1DD8F10D5A7D100AFEBEF /* bg.png in Resources */ = {isa = PBXBuildFile; fileRef = 31F1DD8710D5A7D100AFEBEF /* bg.png */; };
		31F1DD9010D5A7D100AFEBEF /* Default.png in Resources */ = {isa = PBXBuildFile; fileRef = 31F1DD8810D5A7D100AFEBEF /* Default.png */; };
		31F1DD9110D5A7D100AFEBEF /* icon.png in Resources */ = {isa = PBXBuildFile; fileRef = 31F1DD8910D5A7D100AFEBEF /* icon.png */; };
		31F1DD9210D5A7D100AFEBEF /* octocat.png in Resources */ = {isa = PBXBuildFile; fileRef = 31F1DD8A10D5A7D100AFEBEF /* octocat.png */; };
		31F1DD9310D5A7D100AFEBEF /* rssicon.png in Resources */ = {isa = PBXBuildFile; fileRef = 31F1DD8B10D5A7D100AFEBEF /* rssicon.png */; };
		31F1DD9410D5A7D100AFEBEF /* server.png in Resources */ = {isa = PBXBuildFile; fileRef = 31F1DD8C10D5A7D100AFEBEF /* server.png */; };
		31F1DD9510D5A7D100AFEBEF /* servericon.png in Resources */ = {isa = PBXBuildFile; fileRef = 31F1DD8D10D5A7D100AFEBEF /* servericon.png */; };
		31F1DD9610D5A7D100AFEBEF /* test.png in Resources */ = {isa = PBXBuildFile; fileRef = 31F1DD8E10D5A7D100AFEBEF /* test.png */; };
		31F1DE3110D5A93000AFEBEF /* AppController.m in Sources */ = {isa = PBXBuildFile; fileRef = 31F1DE2210D5A93000AFEBEF /* AppController.m */; };
		31F1DE3210D5A93000AFEBEF /* BrowserViewController.m in Sources */ = {isa = PBXBuildFile; fileRef = 31F1DE2410D5A93000AFEBEF /* BrowserViewController.m */; };
		31F1DE3310D5A93000AFEBEF /* CommitDetailViewController.m in Sources */ = {isa = PBXBuildFile; fileRef = 31F1DE2610D5A93000AFEBEF /* CommitDetailViewController.m */; };
		31F1DE3410D5A93000AFEBEF /* CommitsViewController.m in Sources */ = {isa = PBXBuildFile; fileRef = 31F1DE2810D5A93000AFEBEF /* CommitsViewController.m */; };
		31F1DE3510D5A93000AFEBEF /* ProjectController.m in Sources */ = {isa = PBXBuildFile; fileRef = 31F1DE2A10D5A93000AFEBEF /* ProjectController.m */; };
		31F1DE3610D5A93000AFEBEF /* ProjectDetailViewController.m in Sources */ = {isa = PBXBuildFile; fileRef = 31F1DE2C10D5A93000AFEBEF /* ProjectDetailViewController.m */; };
		31F1DE3710D5A93000AFEBEF /* ProjectViewController.m in Sources */ = {isa = PBXBuildFile; fileRef = 31F1DE2E10D5A93000AFEBEF /* ProjectViewController.m */; };
		31F1DE3810D5A93000AFEBEF /* ServerViewController.m in Sources */ = {isa = PBXBuildFile; fileRef = 31F1DE3010D5A93000AFEBEF /* ServerViewController.m */; };
		31F1DE9710D5A96600AFEBEF /* GITBlob.m in Sources */ = {isa = PBXBuildFile; fileRef = 31F1DE3F10D5A96600AFEBEF /* GITBlob.m */; };
		31F1DE9810D5A96600AFEBEF /* GITCommit.m in Sources */ = {isa = PBXBuildFile; fileRef = 31F1DE4110D5A96600AFEBEF /* GITCommit.m */; };
		31F1DE9910D5A96600AFEBEF /* GITObject+Parsing.m in Sources */ = {isa = PBXBuildFile; fileRef = 31F1DE4310D5A96600AFEBEF /* GITObject+Parsing.m */; };
		31F1DE9A10D5A96600AFEBEF /* GITObject.m in Sources */ = {isa = PBXBuildFile; fileRef = 31F1DE4510D5A96600AFEBEF /* GITObject.m */; };
		31F1DE9B10D5A96600AFEBEF /* GITTag.m in Sources */ = {isa = PBXBuildFile; fileRef = 31F1DE4710D5A96600AFEBEF /* GITTag.m */; };
		31F1DE9C10D5A96600AFEBEF /* GITTree.m in Sources */ = {isa = PBXBuildFile; fileRef = 31F1DE4910D5A96600AFEBEF /* GITTree.m */; };
		31F1DE9D10D5A96600AFEBEF /* GITTreeEntry.m in Sources */ = {isa = PBXBuildFile; fileRef = 31F1DE4B10D5A96600AFEBEF /* GITTreeEntry.m */; };
		31F1DE9E10D5A96600AFEBEF /* GITActor.m in Sources */ = {isa = PBXBuildFile; fileRef = 31F1DE4E10D5A96600AFEBEF /* GITActor.m */; };
		31F1DE9F10D5A96600AFEBEF /* GITDateTime.m in Sources */ = {isa = PBXBuildFile; fileRef = 31F1DE5010D5A96600AFEBEF /* GITDateTime.m */; };
		31F1DEA010D5A96600AFEBEF /* GITErrors.m in Sources */ = {isa = PBXBuildFile; fileRef = 31F1DE5210D5A96600AFEBEF /* GITErrors.m */; };
		31F1DEA110D5A96600AFEBEF /* GITUtilityBelt.m in Sources */ = {isa = PBXBuildFile; fileRef = 31F1DE5410D5A96600AFEBEF /* GITUtilityBelt.m */; };
		31F1DEA210D5A96600AFEBEF /* GITRepo.m in Sources */ = {isa = PBXBuildFile; fileRef = 31F1DE5710D5A96600AFEBEF /* GITRepo.m */; };
		31F1DEA310D5A96600AFEBEF /* GITCommitEnumerator.m in Sources */ = {isa = PBXBuildFile; fileRef = 31F1DE5A10D5A96600AFEBEF /* GITCommitEnumerator.m */; };
		31F1DEA410D5A96600AFEBEF /* GITGraph.m in Sources */ = {isa = PBXBuildFile; fileRef = 31F1DE5C10D5A96600AFEBEF /* GITGraph.m */; };
		31F1DEA510D5A96600AFEBEF /* GITNode.m in Sources */ = {isa = PBXBuildFile; fileRef = 31F1DE5E10D5A96600AFEBEF /* GITNode.m */; };
		31F1DEA610D5A96600AFEBEF /* GITRepo+Enumerators.m in Sources */ = {isa = PBXBuildFile; fileRef = 31F1DE6010D5A96600AFEBEF /* GITRepo+Enumerators.m */; };
		31F1DEA710D5A96600AFEBEF /* GITPackFile.m in Sources */ = {isa = PBXBuildFile; fileRef = 31F1DE6310D5A96600AFEBEF /* GITPackFile.m */; };
		31F1DEA810D5A96600AFEBEF /* GITPackFileVersion2.m in Sources */ = {isa = PBXBuildFile; fileRef = 31F1DE6510D5A96600AFEBEF /* GITPackFileVersion2.m */; };
		31F1DEA910D5A96600AFEBEF /* GITPackIndex.m in Sources */ = {isa = PBXBuildFile; fileRef = 31F1DE6710D5A96600AFEBEF /* GITPackIndex.m */; };
		31F1DEAA10D5A96600AFEBEF /* GITPackIndexVersion1.m in Sources */ = {isa = PBXBuildFile; fileRef = 31F1DE6910D5A96600AFEBEF /* GITPackIndexVersion1.m */; };
		31F1DEAB10D5A96600AFEBEF /* GITPackIndexVersion2.m in Sources */ = {isa = PBXBuildFile; fileRef = 31F1DE6B10D5A96600AFEBEF /* GITPackIndexVersion2.m */; };
		31F1DEAC10D5A96600AFEBEF /* GITPackReverseIndex.m in Sources */ = {isa = PBXBuildFile; fileRef = 31F1DE6D10D5A96600AFEBEF /* GITPackReverseIndex.m */; };
		31F1DEAD10D5A96600AFEBEF /* GITPlaceholderPackFile.m in Sources */ = {isa = PBXBuildFile; fileRef = 31F1DE6F10D5A96600AFEBEF /* GITPlaceholderPackFile.m */; };
		31F1DEAE10D5A96600AFEBEF /* GITPlaceholderPackIndex.m in Sources */ = {isa = PBXBuildFile; fileRef = 31F1DE7110D5A96600AFEBEF /* GITPlaceholderPackIndex.m */; };
		31F1DEAF10D5A96600AFEBEF /* GITBranch.m in Sources */ = {isa = PBXBuildFile; fileRef = 31F1DE7410D5A96600AFEBEF /* GITBranch.m */; };
		31F1DEB010D5A96600AFEBEF /* GITRef.m in Sources */ = {isa = PBXBuildFile; fileRef = 31F1DE7610D5A96600AFEBEF /* GITRef.m */; };
		31F1DEB110D5A96600AFEBEF /* GITCombinedStore.m in Sources */ = {isa = PBXBuildFile; fileRef = 31F1DE7910D5A96600AFEBEF /* GITCombinedStore.m */; };
		31F1DEB210D5A96600AFEBEF /* GITFileStore.m in Sources */ = {isa = PBXBuildFile; fileRef = 31F1DE7B10D5A96600AFEBEF /* GITFileStore.m */; };
		31F1DEB310D5A96600AFEBEF /* GITObjectStore.m in Sources */ = {isa = PBXBuildFile; fileRef = 31F1DE7D10D5A96600AFEBEF /* GITObjectStore.m */; };
		31F1DEB410D5A96600AFEBEF /* GITPackStore.m in Sources */ = {isa = PBXBuildFile; fileRef = 31F1DE7F10D5A96600AFEBEF /* GITPackStore.m */; };
		31F1DEB510D5A96600AFEBEF /* GITRefStore.m in Sources */ = {isa = PBXBuildFile; fileRef = 31F1DE8110D5A96600AFEBEF /* GITRefStore.m */; };
		31F1DEB610D5A96600AFEBEF /* assertions.m in Sources */ = {isa = PBXBuildFile; fileRef = 31F1DE8410D5A96600AFEBEF /* assertions.m */; };
		31F1DEB710D5A96600AFEBEF /* NSCharacterSet+StringComparison.m in Sources */ = {isa = PBXBuildFile; fileRef = 31F1DE8610D5A96600AFEBEF /* NSCharacterSet+StringComparison.m */; };
		31F1DEB810D5A96600AFEBEF /* NSData+Compression.m in Sources */ = {isa = PBXBuildFile; fileRef = 31F1DE8810D5A96600AFEBEF /* NSData+Compression.m */; };
		31F1DEB910D5A96600AFEBEF /* NSData+Hashing.m in Sources */ = {isa = PBXBuildFile; fileRef = 31F1DE8A10D5A96600AFEBEF /* NSData+Hashing.m */; };
		31F1DEBA10D5A96600AFEBEF /* NSData+HexDump.m in Sources */ = {isa = PBXBuildFile; fileRef = 31F1DE8C10D5A96600AFEBEF /* NSData+HexDump.m */; };
		31F1DEBB10D5A96600AFEBEF /* NSData+Patching.m in Sources */ = {isa = PBXBuildFile; fileRef = 31F1DE8E10D5A96600AFEBEF /* NSData+Patching.m */; };
		31F1DEBC10D5A96600AFEBEF /* NSData+Searching.m in Sources */ = {isa = PBXBuildFile; fileRef = 31F1DE9010D5A96600AFEBEF /* NSData+Searching.m */; };
		31F1DEBD10D5A96600AFEBEF /* NSError-OBExtensions.m in Sources */ = {isa = PBXBuildFile; fileRef = 31F1DE9210D5A96600AFEBEF /* NSError-OBExtensions.m */; };
		31F1DEBE10D5A96600AFEBEF /* NSFileManager+DirHelper.m in Sources */ = {isa = PBXBuildFile; fileRef = 31F1DE9410D5A96600AFEBEF /* NSFileManager+DirHelper.m */; };
		31F1DEBF10D5A96600AFEBEF /* NSTimeZone+Offset.m in Sources */ = {isa = PBXBuildFile; fileRef = 31F1DE9610D5A96600AFEBEF /* NSTimeZone+Offset.m */; };
		31F1DFC810D837FE00AFEBEF /* AsyncSocket.m in Sources */ = {isa = PBXBuildFile; fileRef = 31F1DFB910D837FE00AFEBEF /* AsyncSocket.m */; };
		31F1DFC910D837FE00AFEBEF /* DDData.m in Sources */ = {isa = PBXBuildFile; fileRef = 31F1DFBB10D837FE00AFEBEF /* DDData.m */; };
		31F1DFCA10D837FE00AFEBEF /* DDNumber.m in Sources */ = {isa = PBXBuildFile; fileRef = 31F1DFBD10D837FE00AFEBEF /* DDNumber.m */; };
		31F1DFCB10D837FE00AFEBEF /* DDRange.m in Sources */ = {isa = PBXBuildFile; fileRef = 31F1DFBF10D837FE00AFEBEF /* DDRange.m */; };
		31F1DFCC10D837FE00AFEBEF /* HTTPAuthenticationRequest.m in Sources */ = {isa = PBXBuildFile; fileRef = 31F1DFC110D837FE00AFEBEF /* HTTPAuthenticationRequest.m */; };
		31F1DFCD10D837FE00AFEBEF /* HTTPConnection.m in Sources */ = {isa = PBXBuildFile; fileRef = 31F1DFC310D837FE00AFEBEF /* HTTPConnection.m */; };
		31F1DFCE10D837FE00AFEBEF /* HTTPResponse.m in Sources */ = {isa = PBXBuildFile; fileRef = 31F1DFC510D837FE00AFEBEF /* HTTPResponse.m */; };
		31F1DFCF10D837FE00AFEBEF /* HTTPServer.m in Sources */ = {isa = PBXBuildFile; fileRef = 31F1DFC710D837FE00AFEBEF /* HTTPServer.m */; };
		31F1DFD410D8383900AFEBEF /* CFNetwork.framework in Frameworks */ = {isa = PBXBuildFile; fileRef = 31F1DFD310D8383900AFEBEF /* CFNetwork.framework */; };
		31F1DFD910D8390700AFEBEF /* GitHTTPConnection.m in Sources */ = {isa = PBXBuildFile; fileRef = 31F1DFD810D8390700AFEBEF /* GitHTTPConnection.m */; };
		31F1E09B10D8630900AFEBEF /* ASIAuthenticationDialog.m in Sources */ = {isa = PBXBuildFile; fileRef = 31F1E08710D8630900AFEBEF /* ASIAuthenticationDialog.m */; };
		31F1E09C10D8630900AFEBEF /* ASIFormDataRequest.m in Sources */ = {isa = PBXBuildFile; fileRef = 31F1E08910D8630900AFEBEF /* ASIFormDataRequest.m */; };
		31F1E09D10D8630900AFEBEF /* ASIHTTPRequest.m in Sources */ = {isa = PBXBuildFile; fileRef = 31F1E08B10D8630900AFEBEF /* ASIHTTPRequest.m */; };
		31F1E09E10D8630900AFEBEF /* ASIInputStream.m in Sources */ = {isa = PBXBuildFile; fileRef = 31F1E08E10D8630900AFEBEF /* ASIInputStream.m */; };
		31F1E09F10D8630900AFEBEF /* ASINetworkQueue.m in Sources */ = {isa = PBXBuildFile; fileRef = 31F1E09010D8630900AFEBEF /* ASINetworkQueue.m */; };
		31F1E0A010D8630900AFEBEF /* ASINSStringAdditions.m in Sources */ = {isa = PBXBuildFile; fileRef = 31F1E09210D8630900AFEBEF /* ASINSStringAdditions.m */; };
		31F1E0A410D8630900AFEBEF /* Reachability.m in Sources */ = {isa = PBXBuildFile; fileRef = 31F1E09A10D8630900AFEBEF /* Reachability.m */; };
/* End PBXBuildFile section */

/* Begin PBXFileReference section */
		1D30AB110D05D00D00671497 /* Foundation.framework */ = {isa = PBXFileReference; lastKnownFileType = wrapper.framework; name = Foundation.framework; path = System/Library/Frameworks/Foundation.framework; sourceTree = SDKROOT; };
		1D3623EB0D0F72F000981E51 /* CoreGraphics.framework */ = {isa = PBXFileReference; lastKnownFileType = wrapper.framework; name = CoreGraphics.framework; path = System/Library/Frameworks/CoreGraphics.framework; sourceTree = SDKROOT; };
		1D6058910D05DD3D006BFB54 /* iGitHub.app */ = {isa = PBXFileReference; explicitFileType = wrapper.application; includeInIndex = 0; path = iGitHub.app; sourceTree = BUILT_PRODUCTS_DIR; };
		1DF5F4DF0D08C38300B7A737 /* UIKit.framework */ = {isa = PBXFileReference; lastKnownFileType = wrapper.framework; name = UIKit.framework; path = System/Library/Frameworks/UIKit.framework; sourceTree = SDKROOT; };
		29B97316FDCFA39411CA2CEA /* main.m */ = {isa = PBXFileReference; fileEncoding = 4; lastKnownFileType = sourcecode.c.objc; path = main.m; sourceTree = "<group>"; };
		2D500FB20D5A86C000DBA0E3 /* SystemConfiguration.framework */ = {isa = PBXFileReference; lastKnownFileType = wrapper.framework; name = SystemConfiguration.framework; path = System/Library/Frameworks/SystemConfiguration.framework; sourceTree = SDKROOT; };
		310F88ED0E89A95700FA95A4 /* TODO */ = {isa = PBXFileReference; fileEncoding = 4; lastKnownFileType = text; path = TODO; sourceTree = "<group>"; };
		312C951C0E7A38F200182164 /* ObjGit.h */ = {isa = PBXFileReference; fileEncoding = 4; lastKnownFileType = sourcecode.c.h; path = ObjGit.h; sourceTree = "<group>"; };
		312C951D0E7A38F200182164 /* ObjGit.m */ = {isa = PBXFileReference; fileEncoding = 4; lastKnownFileType = sourcecode.c.objc; path = ObjGit.m; sourceTree = "<group>"; };
		3191AB590E830E8600957F79 /* ObjGitCommit.h */ = {isa = PBXFileReference; fileEncoding = 4; lastKnownFileType = sourcecode.c.h; path = ObjGitCommit.h; sourceTree = "<group>"; };
		3191AB5A0E830E8600957F79 /* ObjGitCommit.m */ = {isa = PBXFileReference; fileEncoding = 4; lastKnownFileType = sourcecode.c.objc; path = ObjGitCommit.m; sourceTree = "<group>"; };
		3191AB5B0E830E8600957F79 /* ObjGitObject.h */ = {isa = PBXFileReference; fileEncoding = 4; lastKnownFileType = sourcecode.c.h; path = ObjGitObject.h; sourceTree = "<group>"; };
		3191AB5C0E830E8600957F79 /* ObjGitObject.m */ = {isa = PBXFileReference; fileEncoding = 4; lastKnownFileType = sourcecode.c.objc; path = ObjGitObject.m; sourceTree = "<group>"; };
		3191AB5D0E830E8600957F79 /* ObjGitServerHandler.h */ = {isa = PBXFileReference; fileEncoding = 4; lastKnownFileType = sourcecode.c.h; path = ObjGitServerHandler.h; sourceTree = "<group>"; };
		3191AB5E0E830E8600957F79 /* ObjGitServerHandler.m */ = {isa = PBXFileReference; fileEncoding = 4; lastKnownFileType = sourcecode.c.objc; path = ObjGitServerHandler.m; sourceTree = "<group>"; };
		3191AB800E830FA600957F79 /* libz.dylib */ = {isa = PBXFileReference; lastKnownFileType = "compiled.mach-o.dylib"; name = libz.dylib; path = usr/lib/libz.dylib; sourceTree = SDKROOT; };
		31C5B2850E8BF40500B07BE9 /* ObjGitTree.h */ = {isa = PBXFileReference; fileEncoding = 4; lastKnownFileType = sourcecode.c.h; path = ObjGitTree.h; sourceTree = "<group>"; };
		31C5B2860E8BF40500B07BE9 /* ObjGitTree.m */ = {isa = PBXFileReference; fileEncoding = 4; lastKnownFileType = sourcecode.c.objc; path = ObjGitTree.m; sourceTree = "<group>"; };
		31C5B2A20E8C2CEE00B07BE9 /* ObjGitTest.m */ = {isa = PBXFileReference; fileEncoding = 4; lastKnownFileType = sourcecode.c.objc; path = ObjGitTest.m; sourceTree = "<group>"; };
		31C5B2C90E8C313C00B07BE9 /* UnitTests.octest */ = {isa = PBXFileReference; explicitFileType = wrapper.cfbundle; includeInIndex = 0; path = UnitTests.octest; sourceTree = BUILT_PRODUCTS_DIR; };
		31C5B2CA0E8C313C00B07BE9 /* UnitTests-Info.plist */ = {isa = PBXFileReference; lastKnownFileType = text.plist.xml; path = "UnitTests-Info.plist"; sourceTree = "<group>"; };
		31C5B2CF0E8C31B000B07BE9 /* SenTestingKit.framework */ = {isa = PBXFileReference; lastKnownFileType = wrapper.framework; name = SenTestingKit.framework; path = Library/Frameworks/SenTestingKit.framework; sourceTree = DEVELOPER_DIR; };
		31F1DD8710D5A7D100AFEBEF /* bg.png */ = {isa = PBXFileReference; lastKnownFileType = image.png; name = bg.png; path = assets/bg.png; sourceTree = "<group>"; };
		31F1DD8810D5A7D100AFEBEF /* Default.png */ = {isa = PBXFileReference; lastKnownFileType = image.png; name = Default.png; path = assets/Default.png; sourceTree = "<group>"; };
		31F1DD8910D5A7D100AFEBEF /* icon.png */ = {isa = PBXFileReference; lastKnownFileType = image.png; name = icon.png; path = assets/icon.png; sourceTree = "<group>"; };
		31F1DD8A10D5A7D100AFEBEF /* octocat.png */ = {isa = PBXFileReference; lastKnownFileType = image.png; name = octocat.png; path = assets/octocat.png; sourceTree = "<group>"; };
		31F1DD8B10D5A7D100AFEBEF /* rssicon.png */ = {isa = PBXFileReference; lastKnownFileType = image.png; name = rssicon.png; path = assets/rssicon.png; sourceTree = "<group>"; };
		31F1DD8C10D5A7D100AFEBEF /* server.png */ = {isa = PBXFileReference; lastKnownFileType = image.png; name = server.png; path = assets/server.png; sourceTree = "<group>"; };
		31F1DD8D10D5A7D100AFEBEF /* servericon.png */ = {isa = PBXFileReference; lastKnownFileType = image.png; name = servericon.png; path = assets/servericon.png; sourceTree = "<group>"; };
		31F1DD8E10D5A7D100AFEBEF /* test.png */ = {isa = PBXFileReference; lastKnownFileType = image.png; name = test.png; path = assets/test.png; sourceTree = "<group>"; };
		31F1DE2110D5A93000AFEBEF /* AppController.h */ = {isa = PBXFileReference; fileEncoding = 4; lastKnownFileType = sourcecode.c.h; path = AppController.h; sourceTree = "<group>"; };
		31F1DE2210D5A93000AFEBEF /* AppController.m */ = {isa = PBXFileReference; fileEncoding = 4; lastKnownFileType = sourcecode.c.objc; path = AppController.m; sourceTree = "<group>"; };
		31F1DE2310D5A93000AFEBEF /* BrowserViewController.h */ = {isa = PBXFileReference; fileEncoding = 4; lastKnownFileType = sourcecode.c.h; path = BrowserViewController.h; sourceTree = "<group>"; };
		31F1DE2410D5A93000AFEBEF /* BrowserViewController.m */ = {isa = PBXFileReference; fileEncoding = 4; lastKnownFileType = sourcecode.c.objc; path = BrowserViewController.m; sourceTree = "<group>"; };
		31F1DE2510D5A93000AFEBEF /* CommitDetailViewController.h */ = {isa = PBXFileReference; fileEncoding = 4; lastKnownFileType = sourcecode.c.h; path = CommitDetailViewController.h; sourceTree = "<group>"; };
		31F1DE2610D5A93000AFEBEF /* CommitDetailViewController.m */ = {isa = PBXFileReference; fileEncoding = 4; lastKnownFileType = sourcecode.c.objc; path = CommitDetailViewController.m; sourceTree = "<group>"; };
		31F1DE2710D5A93000AFEBEF /* CommitsViewController.h */ = {isa = PBXFileReference; fileEncoding = 4; lastKnownFileType = sourcecode.c.h; path = CommitsViewController.h; sourceTree = "<group>"; };
		31F1DE2810D5A93000AFEBEF /* CommitsViewController.m */ = {isa = PBXFileReference; fileEncoding = 4; lastKnownFileType = sourcecode.c.objc; path = CommitsViewController.m; sourceTree = "<group>"; };
		31F1DE2910D5A93000AFEBEF /* ProjectController.h */ = {isa = PBXFileReference; fileEncoding = 4; lastKnownFileType = sourcecode.c.h; path = ProjectController.h; sourceTree = "<group>"; };
		31F1DE2A10D5A93000AFEBEF /* ProjectController.m */ = {isa = PBXFileReference; fileEncoding = 4; lastKnownFileType = sourcecode.c.objc; path = ProjectController.m; sourceTree = "<group>"; };
		31F1DE2B10D5A93000AFEBEF /* ProjectDetailViewController.h */ = {isa = PBXFileReference; fileEncoding = 4; lastKnownFileType = sourcecode.c.h; path = ProjectDetailViewController.h; sourceTree = "<group>"; };
		31F1DE2C10D5A93000AFEBEF /* ProjectDetailViewController.m */ = {isa = PBXFileReference; fileEncoding = 4; lastKnownFileType = sourcecode.c.objc; path = ProjectDetailViewController.m; sourceTree = "<group>"; };
		31F1DE2D10D5A93000AFEBEF /* ProjectViewController.h */ = {isa = PBXFileReference; fileEncoding = 4; lastKnownFileType = sourcecode.c.h; path = ProjectViewController.h; sourceTree = "<group>"; };
		31F1DE2E10D5A93000AFEBEF /* ProjectViewController.m */ = {isa = PBXFileReference; fileEncoding = 4; lastKnownFileType = sourcecode.c.objc; path = ProjectViewController.m; sourceTree = "<group>"; };
		31F1DE2F10D5A93000AFEBEF /* ServerViewController.h */ = {isa = PBXFileReference; fileEncoding = 4; lastKnownFileType = sourcecode.c.h; path = ServerViewController.h; sourceTree = "<group>"; };
		31F1DE3010D5A93000AFEBEF /* ServerViewController.m */ = {isa = PBXFileReference; fileEncoding = 4; lastKnownFileType = sourcecode.c.objc; path = ServerViewController.m; sourceTree = "<group>"; };
		31F1DE3E10D5A96600AFEBEF /* GITBlob.h */ = {isa = PBXFileReference; fileEncoding = 4; lastKnownFileType = sourcecode.c.h; path = GITBlob.h; sourceTree = "<group>"; };
		31F1DE3F10D5A96600AFEBEF /* GITBlob.m */ = {isa = PBXFileReference; fileEncoding = 4; lastKnownFileType = sourcecode.c.objc; path = GITBlob.m; sourceTree = "<group>"; };
		31F1DE4010D5A96600AFEBEF /* GITCommit.h */ = {isa = PBXFileReference; fileEncoding = 4; lastKnownFileType = sourcecode.c.h; path = GITCommit.h; sourceTree = "<group>"; };
		31F1DE4110D5A96600AFEBEF /* GITCommit.m */ = {isa = PBXFileReference; fileEncoding = 4; lastKnownFileType = sourcecode.c.objc; path = GITCommit.m; sourceTree = "<group>"; };
		31F1DE4210D5A96600AFEBEF /* GITObject+Parsing.h */ = {isa = PBXFileReference; fileEncoding = 4; lastKnownFileType = sourcecode.c.h; path = "GITObject+Parsing.h"; sourceTree = "<group>"; };
		31F1DE4310D5A96600AFEBEF /* GITObject+Parsing.m */ = {isa = PBXFileReference; fileEncoding = 4; lastKnownFileType = sourcecode.c.objc; path = "GITObject+Parsing.m"; sourceTree = "<group>"; };
		31F1DE4410D5A96600AFEBEF /* GITObject.h */ = {isa = PBXFileReference; fileEncoding = 4; lastKnownFileType = sourcecode.c.h; path = GITObject.h; sourceTree = "<group>"; };
		31F1DE4510D5A96600AFEBEF /* GITObject.m */ = {isa = PBXFileReference; fileEncoding = 4; lastKnownFileType = sourcecode.c.objc; path = GITObject.m; sourceTree = "<group>"; };
		31F1DE4610D5A96600AFEBEF /* GITTag.h */ = {isa = PBXFileReference; fileEncoding = 4; lastKnownFileType = sourcecode.c.h; path = GITTag.h; sourceTree = "<group>"; };
		31F1DE4710D5A96600AFEBEF /* GITTag.m */ = {isa = PBXFileReference; fileEncoding = 4; lastKnownFileType = sourcecode.c.objc; path = GITTag.m; sourceTree = "<group>"; };
		31F1DE4810D5A96600AFEBEF /* GITTree.h */ = {isa = PBXFileReference; fileEncoding = 4; lastKnownFileType = sourcecode.c.h; path = GITTree.h; sourceTree = "<group>"; };
		31F1DE4910D5A96600AFEBEF /* GITTree.m */ = {isa = PBXFileReference; fileEncoding = 4; lastKnownFileType = sourcecode.c.objc; path = GITTree.m; sourceTree = "<group>"; };
		31F1DE4A10D5A96600AFEBEF /* GITTreeEntry.h */ = {isa = PBXFileReference; fileEncoding = 4; lastKnownFileType = sourcecode.c.h; path = GITTreeEntry.h; sourceTree = "<group>"; };
		31F1DE4B10D5A96600AFEBEF /* GITTreeEntry.m */ = {isa = PBXFileReference; fileEncoding = 4; lastKnownFileType = sourcecode.c.objc; path = GITTreeEntry.m; sourceTree = "<group>"; };
		31F1DE4D10D5A96600AFEBEF /* GITActor.h */ = {isa = PBXFileReference; fileEncoding = 4; lastKnownFileType = sourcecode.c.h; path = GITActor.h; sourceTree = "<group>"; };
		31F1DE4E10D5A96600AFEBEF /* GITActor.m */ = {isa = PBXFileReference; fileEncoding = 4; lastKnownFileType = sourcecode.c.objc; path = GITActor.m; sourceTree = "<group>"; };
		31F1DE4F10D5A96600AFEBEF /* GITDateTime.h */ = {isa = PBXFileReference; fileEncoding = 4; lastKnownFileType = sourcecode.c.h; path = GITDateTime.h; sourceTree = "<group>"; };
		31F1DE5010D5A96600AFEBEF /* GITDateTime.m */ = {isa = PBXFileReference; fileEncoding = 4; lastKnownFileType = sourcecode.c.objc; path = GITDateTime.m; sourceTree = "<group>"; };
		31F1DE5110D5A96600AFEBEF /* GITErrors.h */ = {isa = PBXFileReference; fileEncoding = 4; lastKnownFileType = sourcecode.c.h; path = GITErrors.h; sourceTree = "<group>"; };
		31F1DE5210D5A96600AFEBEF /* GITErrors.m */ = {isa = PBXFileReference; fileEncoding = 4; lastKnownFileType = sourcecode.c.objc; path = GITErrors.m; sourceTree = "<group>"; };
		31F1DE5310D5A96600AFEBEF /* GITUtilityBelt.h */ = {isa = PBXFileReference; fileEncoding = 4; lastKnownFileType = sourcecode.c.h; path = GITUtilityBelt.h; sourceTree = "<group>"; };
		31F1DE5410D5A96600AFEBEF /* GITUtilityBelt.m */ = {isa = PBXFileReference; fileEncoding = 4; lastKnownFileType = sourcecode.c.objc; path = GITUtilityBelt.m; sourceTree = "<group>"; };
		31F1DE5510D5A96600AFEBEF /* Git.h */ = {isa = PBXFileReference; fileEncoding = 4; lastKnownFileType = sourcecode.c.h; path = Git.h; sourceTree = "<group>"; };
		31F1DE5610D5A96600AFEBEF /* GITRepo.h */ = {isa = PBXFileReference; fileEncoding = 4; lastKnownFileType = sourcecode.c.h; path = GITRepo.h; sourceTree = "<group>"; };
		31F1DE5710D5A96600AFEBEF /* GITRepo.m */ = {isa = PBXFileReference; fileEncoding = 4; lastKnownFileType = sourcecode.c.objc; path = GITRepo.m; sourceTree = "<group>"; };
		31F1DE5910D5A96600AFEBEF /* GITCommitEnumerator.h */ = {isa = PBXFileReference; fileEncoding = 4; lastKnownFileType = sourcecode.c.h; path = GITCommitEnumerator.h; sourceTree = "<group>"; };
		31F1DE5A10D5A96600AFEBEF /* GITCommitEnumerator.m */ = {isa = PBXFileReference; fileEncoding = 4; lastKnownFileType = sourcecode.c.objc; path = GITCommitEnumerator.m; sourceTree = "<group>"; };
		31F1DE5B10D5A96600AFEBEF /* GITGraph.h */ = {isa = PBXFileReference; fileEncoding = 4; lastKnownFileType = sourcecode.c.h; path = GITGraph.h; sourceTree = "<group>"; };
		31F1DE5C10D5A96600AFEBEF /* GITGraph.m */ = {isa = PBXFileReference; fileEncoding = 4; lastKnownFileType = sourcecode.c.objc; path = GITGraph.m; sourceTree = "<group>"; };
		31F1DE5D10D5A96600AFEBEF /* GITNode.h */ = {isa = PBXFileReference; fileEncoding = 4; lastKnownFileType = sourcecode.c.h; path = GITNode.h; sourceTree = "<group>"; };
		31F1DE5E10D5A96600AFEBEF /* GITNode.m */ = {isa = PBXFileReference; fileEncoding = 4; lastKnownFileType = sourcecode.c.objc; path = GITNode.m; sourceTree = "<group>"; };
		31F1DE5F10D5A96600AFEBEF /* GITRepo+Enumerators.h */ = {isa = PBXFileReference; fileEncoding = 4; lastKnownFileType = sourcecode.c.h; path = "GITRepo+Enumerators.h"; sourceTree = "<group>"; };
		31F1DE6010D5A96600AFEBEF /* GITRepo+Enumerators.m */ = {isa = PBXFileReference; fileEncoding = 4; lastKnownFileType = sourcecode.c.objc; path = "GITRepo+Enumerators.m"; sourceTree = "<group>"; };
		31F1DE6210D5A96600AFEBEF /* GITPackFile.h */ = {isa = PBXFileReference; fileEncoding = 4; lastKnownFileType = sourcecode.c.h; path = GITPackFile.h; sourceTree = "<group>"; };
		31F1DE6310D5A96600AFEBEF /* GITPackFile.m */ = {isa = PBXFileReference; fileEncoding = 4; lastKnownFileType = sourcecode.c.objc; path = GITPackFile.m; sourceTree = "<group>"; };
		31F1DE6410D5A96600AFEBEF /* GITPackFileVersion2.h */ = {isa = PBXFileReference; fileEncoding = 4; lastKnownFileType = sourcecode.c.h; path = GITPackFileVersion2.h; sourceTree = "<group>"; };
		31F1DE6510D5A96600AFEBEF /* GITPackFileVersion2.m */ = {isa = PBXFileReference; fileEncoding = 4; lastKnownFileType = sourcecode.c.objc; path = GITPackFileVersion2.m; sourceTree = "<group>"; };
		31F1DE6610D5A96600AFEBEF /* GITPackIndex.h */ = {isa = PBXFileReference; fileEncoding = 4; lastKnownFileType = sourcecode.c.h; path = GITPackIndex.h; sourceTree = "<group>"; };
		31F1DE6710D5A96600AFEBEF /* GITPackIndex.m */ = {isa = PBXFileReference; fileEncoding = 4; lastKnownFileType = sourcecode.c.objc; path = GITPackIndex.m; sourceTree = "<group>"; };
		31F1DE6810D5A96600AFEBEF /* GITPackIndexVersion1.h */ = {isa = PBXFileReference; fileEncoding = 4; lastKnownFileType = sourcecode.c.h; path = GITPackIndexVersion1.h; sourceTree = "<group>"; };
		31F1DE6910D5A96600AFEBEF /* GITPackIndexVersion1.m */ = {isa = PBXFileReference; fileEncoding = 4; lastKnownFileType = sourcecode.c.objc; path = GITPackIndexVersion1.m; sourceTree = "<group>"; };
		31F1DE6A10D5A96600AFEBEF /* GITPackIndexVersion2.h */ = {isa = PBXFileReference; fileEncoding = 4; lastKnownFileType = sourcecode.c.h; path = GITPackIndexVersion2.h; sourceTree = "<group>"; };
		31F1DE6B10D5A96600AFEBEF /* GITPackIndexVersion2.m */ = {isa = PBXFileReference; fileEncoding = 4; lastKnownFileType = sourcecode.c.objc; path = GITPackIndexVersion2.m; sourceTree = "<group>"; };
		31F1DE6C10D5A96600AFEBEF /* GITPackReverseIndex.h */ = {isa = PBXFileReference; fileEncoding = 4; lastKnownFileType = sourcecode.c.h; path = GITPackReverseIndex.h; sourceTree = "<group>"; };
		31F1DE6D10D5A96600AFEBEF /* GITPackReverseIndex.m */ = {isa = PBXFileReference; fileEncoding = 4; lastKnownFileType = sourcecode.c.objc; path = GITPackReverseIndex.m; sourceTree = "<group>"; };
		31F1DE6E10D5A96600AFEBEF /* GITPlaceholderPackFile.h */ = {isa = PBXFileReference; fileEncoding = 4; lastKnownFileType = sourcecode.c.h; path = GITPlaceholderPackFile.h; sourceTree = "<group>"; };
		31F1DE6F10D5A96600AFEBEF /* GITPlaceholderPackFile.m */ = {isa = PBXFileReference; fileEncoding = 4; lastKnownFileType = sourcecode.c.objc; path = GITPlaceholderPackFile.m; sourceTree = "<group>"; };
		31F1DE7010D5A96600AFEBEF /* GITPlaceholderPackIndex.h */ = {isa = PBXFileReference; fileEncoding = 4; lastKnownFileType = sourcecode.c.h; path = GITPlaceholderPackIndex.h; sourceTree = "<group>"; };
		31F1DE7110D5A96600AFEBEF /* GITPlaceholderPackIndex.m */ = {isa = PBXFileReference; fileEncoding = 4; lastKnownFileType = sourcecode.c.objc; path = GITPlaceholderPackIndex.m; sourceTree = "<group>"; };
		31F1DE7310D5A96600AFEBEF /* GITBranch.h */ = {isa = PBXFileReference; fileEncoding = 4; lastKnownFileType = sourcecode.c.h; path = GITBranch.h; sourceTree = "<group>"; };
		31F1DE7410D5A96600AFEBEF /* GITBranch.m */ = {isa = PBXFileReference; fileEncoding = 4; lastKnownFileType = sourcecode.c.objc; path = GITBranch.m; sourceTree = "<group>"; };
		31F1DE7510D5A96600AFEBEF /* GITRef.h */ = {isa = PBXFileReference; fileEncoding = 4; lastKnownFileType = sourcecode.c.h; path = GITRef.h; sourceTree = "<group>"; };
		31F1DE7610D5A96600AFEBEF /* GITRef.m */ = {isa = PBXFileReference; fileEncoding = 4; lastKnownFileType = sourcecode.c.objc; path = GITRef.m; sourceTree = "<group>"; };
		31F1DE7810D5A96600AFEBEF /* GITCombinedStore.h */ = {isa = PBXFileReference; fileEncoding = 4; lastKnownFileType = sourcecode.c.h; path = GITCombinedStore.h; sourceTree = "<group>"; };
		31F1DE7910D5A96600AFEBEF /* GITCombinedStore.m */ = {isa = PBXFileReference; fileEncoding = 4; lastKnownFileType = sourcecode.c.objc; path = GITCombinedStore.m; sourceTree = "<group>"; };
		31F1DE7A10D5A96600AFEBEF /* GITFileStore.h */ = {isa = PBXFileReference; fileEncoding = 4; lastKnownFileType = sourcecode.c.h; path = GITFileStore.h; sourceTree = "<group>"; };
		31F1DE7B10D5A96600AFEBEF /* GITFileStore.m */ = {isa = PBXFileReference; fileEncoding = 4; lastKnownFileType = sourcecode.c.objc; path = GITFileStore.m; sourceTree = "<group>"; };
		31F1DE7C10D5A96600AFEBEF /* GITObjectStore.h */ = {isa = PBXFileReference; fileEncoding = 4; lastKnownFileType = sourcecode.c.h; path = GITObjectStore.h; sourceTree = "<group>"; };
		31F1DE7D10D5A96600AFEBEF /* GITObjectStore.m */ = {isa = PBXFileReference; fileEncoding = 4; lastKnownFileType = sourcecode.c.objc; path = GITObjectStore.m; sourceTree = "<group>"; };
		31F1DE7E10D5A96600AFEBEF /* GITPackStore.h */ = {isa = PBXFileReference; fileEncoding = 4; lastKnownFileType = sourcecode.c.h; path = GITPackStore.h; sourceTree = "<group>"; };
		31F1DE7F10D5A96600AFEBEF /* GITPackStore.m */ = {isa = PBXFileReference; fileEncoding = 4; lastKnownFileType = sourcecode.c.objc; path = GITPackStore.m; sourceTree = "<group>"; };
		31F1DE8010D5A96600AFEBEF /* GITRefStore.h */ = {isa = PBXFileReference; fileEncoding = 4; lastKnownFileType = sourcecode.c.h; path = GITRefStore.h; sourceTree = "<group>"; };
		31F1DE8110D5A96600AFEBEF /* GITRefStore.m */ = {isa = PBXFileReference; fileEncoding = 4; lastKnownFileType = sourcecode.c.objc; path = GITRefStore.m; sourceTree = "<group>"; };
		31F1DE8310D5A96600AFEBEF /* assertions.h */ = {isa = PBXFileReference; fileEncoding = 4; lastKnownFileType = sourcecode.c.h; path = assertions.h; sourceTree = "<group>"; };
		31F1DE8410D5A96600AFEBEF /* assertions.m */ = {isa = PBXFileReference; fileEncoding = 4; lastKnownFileType = sourcecode.c.objc; path = assertions.m; sourceTree = "<group>"; };
		31F1DE8510D5A96600AFEBEF /* NSCharacterSet+StringComparison.h */ = {isa = PBXFileReference; fileEncoding = 4; lastKnownFileType = sourcecode.c.h; path = "NSCharacterSet+StringComparison.h"; sourceTree = "<group>"; };
		31F1DE8610D5A96600AFEBEF /* NSCharacterSet+StringComparison.m */ = {isa = PBXFileReference; fileEncoding = 4; lastKnownFileType = sourcecode.c.objc; path = "NSCharacterSet+StringComparison.m"; sourceTree = "<group>"; };
		31F1DE8710D5A96600AFEBEF /* NSData+Compression.h */ = {isa = PBXFileReference; fileEncoding = 4; lastKnownFileType = sourcecode.c.h; path = "NSData+Compression.h"; sourceTree = "<group>"; };
		31F1DE8810D5A96600AFEBEF /* NSData+Compression.m */ = {isa = PBXFileReference; fileEncoding = 4; lastKnownFileType = sourcecode.c.objc; path = "NSData+Compression.m"; sourceTree = "<group>"; };
		31F1DE8910D5A96600AFEBEF /* NSData+Hashing.h */ = {isa = PBXFileReference; fileEncoding = 4; lastKnownFileType = sourcecode.c.h; path = "NSData+Hashing.h"; sourceTree = "<group>"; };
		31F1DE8A10D5A96600AFEBEF /* NSData+Hashing.m */ = {isa = PBXFileReference; fileEncoding = 4; lastKnownFileType = sourcecode.c.objc; path = "NSData+Hashing.m"; sourceTree = "<group>"; };
		31F1DE8B10D5A96600AFEBEF /* NSData+HexDump.h */ = {isa = PBXFileReference; fileEncoding = 4; lastKnownFileType = sourcecode.c.h; path = "NSData+HexDump.h"; sourceTree = "<group>"; };
		31F1DE8C10D5A96600AFEBEF /* NSData+HexDump.m */ = {isa = PBXFileReference; fileEncoding = 4; lastKnownFileType = sourcecode.c.objc; path = "NSData+HexDump.m"; sourceTree = "<group>"; };
		31F1DE8D10D5A96600AFEBEF /* NSData+Patching.h */ = {isa = PBXFileReference; fileEncoding = 4; lastKnownFileType = sourcecode.c.h; path = "NSData+Patching.h"; sourceTree = "<group>"; };
		31F1DE8E10D5A96600AFEBEF /* NSData+Patching.m */ = {isa = PBXFileReference; fileEncoding = 4; lastKnownFileType = sourcecode.c.objc; path = "NSData+Patching.m"; sourceTree = "<group>"; };
		31F1DE8F10D5A96600AFEBEF /* NSData+Searching.h */ = {isa = PBXFileReference; fileEncoding = 4; lastKnownFileType = sourcecode.c.h; path = "NSData+Searching.h"; sourceTree = "<group>"; };
		31F1DE9010D5A96600AFEBEF /* NSData+Searching.m */ = {isa = PBXFileReference; fileEncoding = 4; lastKnownFileType = sourcecode.c.objc; path = "NSData+Searching.m"; sourceTree = "<group>"; };
		31F1DE9110D5A96600AFEBEF /* NSError-OBExtensions.h */ = {isa = PBXFileReference; fileEncoding = 4; lastKnownFileType = sourcecode.c.h; path = "NSError-OBExtensions.h"; sourceTree = "<group>"; };
		31F1DE9210D5A96600AFEBEF /* NSError-OBExtensions.m */ = {isa = PBXFileReference; fileEncoding = 4; lastKnownFileType = sourcecode.c.objc; path = "NSError-OBExtensions.m"; sourceTree = "<group>"; };
		31F1DE9310D5A96600AFEBEF /* NSFileManager+DirHelper.h */ = {isa = PBXFileReference; fileEncoding = 4; lastKnownFileType = sourcecode.c.h; path = "NSFileManager+DirHelper.h"; sourceTree = "<group>"; };
		31F1DE9410D5A96600AFEBEF /* NSFileManager+DirHelper.m */ = {isa = PBXFileReference; fileEncoding = 4; lastKnownFileType = sourcecode.c.objc; path = "NSFileManager+DirHelper.m"; sourceTree = "<group>"; };
		31F1DE9510D5A96600AFEBEF /* NSTimeZone+Offset.h */ = {isa = PBXFileReference; fileEncoding = 4; lastKnownFileType = sourcecode.c.h; path = "NSTimeZone+Offset.h"; sourceTree = "<group>"; };
		31F1DE9610D5A96600AFEBEF /* NSTimeZone+Offset.m */ = {isa = PBXFileReference; fileEncoding = 4; lastKnownFileType = sourcecode.c.objc; path = "NSTimeZone+Offset.m"; sourceTree = "<group>"; };
		31F1DFB810D837FE00AFEBEF /* AsyncSocket.h */ = {isa = PBXFileReference; fileEncoding = 4; lastKnownFileType = sourcecode.c.h; path = AsyncSocket.h; sourceTree = "<group>"; };
		31F1DFB910D837FE00AFEBEF /* AsyncSocket.m */ = {isa = PBXFileReference; fileEncoding = 4; lastKnownFileType = sourcecode.c.objc; path = AsyncSocket.m; sourceTree = "<group>"; };
		31F1DFBA10D837FE00AFEBEF /* DDData.h */ = {isa = PBXFileReference; fileEncoding = 4; lastKnownFileType = sourcecode.c.h; path = DDData.h; sourceTree = "<group>"; };
		31F1DFBB10D837FE00AFEBEF /* DDData.m */ = {isa = PBXFileReference; fileEncoding = 4; lastKnownFileType = sourcecode.c.objc; path = DDData.m; sourceTree = "<group>"; };
		31F1DFBC10D837FE00AFEBEF /* DDNumber.h */ = {isa = PBXFileReference; fileEncoding = 4; lastKnownFileType = sourcecode.c.h; path = DDNumber.h; sourceTree = "<group>"; };
		31F1DFBD10D837FE00AFEBEF /* DDNumber.m */ = {isa = PBXFileReference; fileEncoding = 4; lastKnownFileType = sourcecode.c.objc; path = DDNumber.m; sourceTree = "<group>"; };
		31F1DFBE10D837FE00AFEBEF /* DDRange.h */ = {isa = PBXFileReference; fileEncoding = 4; lastKnownFileType = sourcecode.c.h; path = DDRange.h; sourceTree = "<group>"; };
		31F1DFBF10D837FE00AFEBEF /* DDRange.m */ = {isa = PBXFileReference; fileEncoding = 4; lastKnownFileType = sourcecode.c.objc; path = DDRange.m; sourceTree = "<group>"; };
		31F1DFC010D837FE00AFEBEF /* HTTPAuthenticationRequest.h */ = {isa = PBXFileReference; fileEncoding = 4; lastKnownFileType = sourcecode.c.h; path = HTTPAuthenticationRequest.h; sourceTree = "<group>"; };
		31F1DFC110D837FE00AFEBEF /* HTTPAuthenticationRequest.m */ = {isa = PBXFileReference; fileEncoding = 4; lastKnownFileType = sourcecode.c.objc; path = HTTPAuthenticationRequest.m; sourceTree = "<group>"; };
		31F1DFC210D837FE00AFEBEF /* HTTPConnection.h */ = {isa = PBXFileReference; fileEncoding = 4; lastKnownFileType = sourcecode.c.h; path = HTTPConnection.h; sourceTree = "<group>"; };
		31F1DFC310D837FE00AFEBEF /* HTTPConnection.m */ = {isa = PBXFileReference; fileEncoding = 4; lastKnownFileType = sourcecode.c.objc; path = HTTPConnection.m; sourceTree = "<group>"; };
		31F1DFC410D837FE00AFEBEF /* HTTPResponse.h */ = {isa = PBXFileReference; fileEncoding = 4; lastKnownFileType = sourcecode.c.h; path = HTTPResponse.h; sourceTree = "<group>"; };
		31F1DFC510D837FE00AFEBEF /* HTTPResponse.m */ = {isa = PBXFileReference; fileEncoding = 4; lastKnownFileType = sourcecode.c.objc; path = HTTPResponse.m; sourceTree = "<group>"; };
		31F1DFC610D837FE00AFEBEF /* HTTPServer.h */ = {isa = PBXFileReference; fileEncoding = 4; lastKnownFileType = sourcecode.c.h; path = HTTPServer.h; sourceTree = "<group>"; };
		31F1DFC710D837FE00AFEBEF /* HTTPServer.m */ = {isa = PBXFileReference; fileEncoding = 4; lastKnownFileType = sourcecode.c.objc; path = HTTPServer.m; sourceTree = "<group>"; };
		31F1DFD310D8383900AFEBEF /* CFNetwork.framework */ = {isa = PBXFileReference; lastKnownFileType = wrapper.framework; name = CFNetwork.framework; path = System/Library/Frameworks/CFNetwork.framework; sourceTree = SDKROOT; };
		31F1DFD710D8390600AFEBEF /* GitHTTPConnection.h */ = {isa = PBXFileReference; fileEncoding = 4; lastKnownFileType = sourcecode.c.h; path = GitHTTPConnection.h; sourceTree = "<group>"; };
		31F1DFD810D8390700AFEBEF /* GitHTTPConnection.m */ = {isa = PBXFileReference; fileEncoding = 4; lastKnownFileType = sourcecode.c.objc; path = GitHTTPConnection.m; sourceTree = "<group>"; };
		31F1E08610D8630900AFEBEF /* ASIAuthenticationDialog.h */ = {isa = PBXFileReference; fileEncoding = 4; lastKnownFileType = sourcecode.c.h; path = ASIAuthenticationDialog.h; sourceTree = "<group>"; };
		31F1E08710D8630900AFEBEF /* ASIAuthenticationDialog.m */ = {isa = PBXFileReference; fileEncoding = 4; lastKnownFileType = sourcecode.c.objc; path = ASIAuthenticationDialog.m; sourceTree = "<group>"; };
		31F1E08810D8630900AFEBEF /* ASIFormDataRequest.h */ = {isa = PBXFileReference; fileEncoding = 4; lastKnownFileType = sourcecode.c.h; path = ASIFormDataRequest.h; sourceTree = "<group>"; };
		31F1E08910D8630900AFEBEF /* ASIFormDataRequest.m */ = {isa = PBXFileReference; fileEncoding = 4; lastKnownFileType = sourcecode.c.objc; path = ASIFormDataRequest.m; sourceTree = "<group>"; };
		31F1E08A10D8630900AFEBEF /* ASIHTTPRequest.h */ = {isa = PBXFileReference; fileEncoding = 4; lastKnownFileType = sourcecode.c.h; path = ASIHTTPRequest.h; sourceTree = "<group>"; };
		31F1E08B10D8630900AFEBEF /* ASIHTTPRequest.m */ = {isa = PBXFileReference; fileEncoding = 4; lastKnownFileType = sourcecode.c.objc; path = ASIHTTPRequest.m; sourceTree = "<group>"; };
		31F1E08C10D8630900AFEBEF /* ASIHTTPRequestConfig.h */ = {isa = PBXFileReference; fileEncoding = 4; lastKnownFileType = sourcecode.c.h; path = ASIHTTPRequestConfig.h; sourceTree = "<group>"; };
		31F1E08D10D8630900AFEBEF /* ASIInputStream.h */ = {isa = PBXFileReference; fileEncoding = 4; lastKnownFileType = sourcecode.c.h; path = ASIInputStream.h; sourceTree = "<group>"; };
		31F1E08E10D8630900AFEBEF /* ASIInputStream.m */ = {isa = PBXFileReference; fileEncoding = 4; lastKnownFileType = sourcecode.c.objc; path = ASIInputStream.m; sourceTree = "<group>"; };
		31F1E08F10D8630900AFEBEF /* ASINetworkQueue.h */ = {isa = PBXFileReference; fileEncoding = 4; lastKnownFileType = sourcecode.c.h; path = ASINetworkQueue.h; sourceTree = "<group>"; };
		31F1E09010D8630900AFEBEF /* ASINetworkQueue.m */ = {isa = PBXFileReference; fileEncoding = 4; lastKnownFileType = sourcecode.c.objc; path = ASINetworkQueue.m; sourceTree = "<group>"; };
		31F1E09110D8630900AFEBEF /* ASINSStringAdditions.h */ = {isa = PBXFileReference; fileEncoding = 4; lastKnownFileType = sourcecode.c.h; path = ASINSStringAdditions.h; sourceTree = "<group>"; };
		31F1E09210D8630900AFEBEF /* ASINSStringAdditions.m */ = {isa = PBXFileReference; fileEncoding = 4; lastKnownFileType = sourcecode.c.objc; path = ASINSStringAdditions.m; sourceTree = "<group>"; };
		31F1E09910D8630900AFEBEF /* Reachability.h */ = {isa = PBXFileReference; fileEncoding = 4; lastKnownFileType = sourcecode.c.h; path = Reachability.h; sourceTree = "<group>"; };
		31F1E09A10D8630900AFEBEF /* Reachability.m */ = {isa = PBXFileReference; fileEncoding = 4; lastKnownFileType = sourcecode.c.objc; path = Reachability.m; sourceTree = "<group>"; };
		32CA4F630368D1EE00C91783 /* Prefix.pch */ = {isa = PBXFileReference; fileEncoding = 4; lastKnownFileType = sourcecode.c.h; path = Prefix.pch; sourceTree = "<group>"; };
		8D1107310486CEB800E47090 /* Info.plist */ = {isa = PBXFileReference; fileEncoding = 4; lastKnownFileType = text.plist.xml; path = Info.plist; sourceTree = "<group>"; };
/* End PBXFileReference section */

/* Begin PBXFrameworksBuildPhase section */
		1D60588F0D05DD3D006BFB54 /* Frameworks */ = {
			isa = PBXFrameworksBuildPhase;
			buildActionMask = 2147483647;
			files = (
				1D60589F0D05DD5A006BFB54 /* Foundation.framework in Frameworks */,
				1DF5F4E00D08C38300B7A737 /* UIKit.framework in Frameworks */,
				1D3623EC0D0F72F000981E51 /* CoreGraphics.framework in Frameworks */,
				2D500FB40D5A86C000DBA0E3 /* SystemConfiguration.framework in Frameworks */,
				3191AB810E830FA600957F79 /* libz.dylib in Frameworks */,
				31F1DFD410D8383900AFEBEF /* CFNetwork.framework in Frameworks */,
			);
			runOnlyForDeploymentPostprocessing = 0;
		};
		31C5B2C60E8C313C00B07BE9 /* Frameworks */ = {
			isa = PBXFrameworksBuildPhase;
			buildActionMask = 2147483647;
			files = (
				31C5B3660E8C33F200B07BE9 /* SystemConfiguration.framework in Frameworks */,
				31C5B3100E8C333E00B07BE9 /* Foundation.framework in Frameworks */,
				31C5B3070E8C333B00B07BE9 /* libz.dylib in Frameworks */,
				31C5B2D00E8C31B000B07BE9 /* SenTestingKit.framework in Frameworks */,
			);
			runOnlyForDeploymentPostprocessing = 0;
		};
/* End PBXFrameworksBuildPhase section */

/* Begin PBXGroup section */
		19C28FACFE9D520D11CA2CBB /* Products */ = {
			isa = PBXGroup;
			children = (
				1D6058910D05DD3D006BFB54 /* iGitHub.app */,
				31C5B2C90E8C313C00B07BE9 /* UnitTests.octest */,
			);
			name = Products;
			sourceTree = "<group>";
		};
		29B97314FDCFA39411CA2CEA /* CustomTemplate */ = {
			isa = PBXGroup;
			children = (
				31F1E08510D8630900AFEBEF /* Client */,
				31F1DFB710D837FE00AFEBEF /* Http */,
				31F1DE3C10D5A96600AFEBEF /* CocoaGit */,
				31F1DE2010D5A93000AFEBEF /* Controllers */,
				312C951B0E7A38F200182164 /* Git */,
				29B97315FDCFA39411CA2CEA /* Other Sources */,
				29B97317FDCFA39411CA2CEA /* Resources */,
				29B97323FDCFA39411CA2CEA /* Frameworks */,
				19C28FACFE9D520D11CA2CBB /* Products */,
				3191AB800E830FA600957F79 /* libz.dylib */,
				310F88ED0E89A95700FA95A4 /* TODO */,
				31C5B2CA0E8C313C00B07BE9 /* UnitTests-Info.plist */,
				31F1DFD310D8383900AFEBEF /* CFNetwork.framework */,
			);
			name = CustomTemplate;
			sourceTree = "<group>";
		};
		29B97315FDCFA39411CA2CEA /* Other Sources */ = {
			isa = PBXGroup;
			children = (
				32CA4F630368D1EE00C91783 /* Prefix.pch */,
				29B97316FDCFA39411CA2CEA /* main.m */,
			);
			name = "Other Sources";
			sourceTree = "<group>";
		};
		29B97317FDCFA39411CA2CEA /* Resources */ = {
			isa = PBXGroup;
			children = (
				31F1DD8710D5A7D100AFEBEF /* bg.png */,
				31F1DD8810D5A7D100AFEBEF /* Default.png */,
				31F1DD8910D5A7D100AFEBEF /* icon.png */,
				31F1DD8A10D5A7D100AFEBEF /* octocat.png */,
				31F1DD8B10D5A7D100AFEBEF /* rssicon.png */,
				31F1DD8C10D5A7D100AFEBEF /* server.png */,
				31F1DD8D10D5A7D100AFEBEF /* servericon.png */,
				31F1DD8E10D5A7D100AFEBEF /* test.png */,
				8D1107310486CEB800E47090 /* Info.plist */,
			);
			name = Resources;
			sourceTree = "<group>";
		};
		29B97323FDCFA39411CA2CEA /* Frameworks */ = {
			isa = PBXGroup;
			children = (
				31C5B2CF0E8C31B000B07BE9 /* SenTestingKit.framework */,
				2D500FB20D5A86C000DBA0E3 /* SystemConfiguration.framework */,
				1D3623EB0D0F72F000981E51 /* CoreGraphics.framework */,
				1DF5F4DF0D08C38300B7A737 /* UIKit.framework */,
				1D30AB110D05D00D00671497 /* Foundation.framework */,
			);
			name = Frameworks;
			sourceTree = "<group>";
		};
		312C951B0E7A38F200182164 /* Git */ = {
			isa = PBXGroup;
			children = (
				3191AB590E830E8600957F79 /* ObjGitCommit.h */,
				3191AB5A0E830E8600957F79 /* ObjGitCommit.m */,
				3191AB5B0E830E8600957F79 /* ObjGitObject.h */,
				3191AB5C0E830E8600957F79 /* ObjGitObject.m */,
				3191AB5D0E830E8600957F79 /* ObjGitServerHandler.h */,
				3191AB5E0E830E8600957F79 /* ObjGitServerHandler.m */,
				312C951C0E7A38F200182164 /* ObjGit.h */,
				312C951D0E7A38F200182164 /* ObjGit.m */,
				31C5B2850E8BF40500B07BE9 /* ObjGitTree.h */,
				31C5B2860E8BF40500B07BE9 /* ObjGitTree.m */,
				31C5B2A20E8C2CEE00B07BE9 /* ObjGitTest.m */,
			);
			path = Git;
			sourceTree = "<group>";
		};
		31F1DE2010D5A93000AFEBEF /* Controllers */ = {
			isa = PBXGroup;
			children = (
				31F1DE2110D5A93000AFEBEF /* AppController.h */,
				31F1DE2210D5A93000AFEBEF /* AppController.m */,
				31F1DE2310D5A93000AFEBEF /* BrowserViewController.h */,
				31F1DE2410D5A93000AFEBEF /* BrowserViewController.m */,
				31F1DE2510D5A93000AFEBEF /* CommitDetailViewController.h */,
				31F1DE2610D5A93000AFEBEF /* CommitDetailViewController.m */,
				31F1DE2710D5A93000AFEBEF /* CommitsViewController.h */,
				31F1DE2810D5A93000AFEBEF /* CommitsViewController.m */,
				31F1DE2910D5A93000AFEBEF /* ProjectController.h */,
				31F1DE2A10D5A93000AFEBEF /* ProjectController.m */,
				31F1DE2B10D5A93000AFEBEF /* ProjectDetailViewController.h */,
				31F1DE2C10D5A93000AFEBEF /* ProjectDetailViewController.m */,
				31F1DE2D10D5A93000AFEBEF /* ProjectViewController.h */,
				31F1DE2E10D5A93000AFEBEF /* ProjectViewController.m */,
				31F1DFD710D8390600AFEBEF /* GitHTTPConnection.h */,
				31F1DFD810D8390700AFEBEF /* GitHTTPConnection.m */,
				31F1DE2F10D5A93000AFEBEF /* ServerViewController.h */,
				31F1DE3010D5A93000AFEBEF /* ServerViewController.m */,
			);
			path = Controllers;
			sourceTree = "<group>";
		};
		31F1DE3C10D5A96600AFEBEF /* CocoaGit */ = {
			isa = PBXGroup;
			children = (
				31F1DE3D10D5A96600AFEBEF /* Core */,
				31F1DE4C10D5A96600AFEBEF /* Extra */,
				31F1DE5510D5A96600AFEBEF /* Git.h */,
				31F1DE5610D5A96600AFEBEF /* GITRepo.h */,
				31F1DE5710D5A96600AFEBEF /* GITRepo.m */,
				31F1DE5810D5A96600AFEBEF /* Graph */,
				31F1DE6110D5A96600AFEBEF /* Pack */,
				31F1DE7210D5A96600AFEBEF /* Refs */,
				31F1DE7710D5A96600AFEBEF /* Store */,
				31F1DE8210D5A96600AFEBEF /* Util */,
			);
			path = CocoaGit;
			sourceTree = "<group>";
		};
		31F1DE3D10D5A96600AFEBEF /* Core */ = {
			isa = PBXGroup;
			children = (
				31F1DE3E10D5A96600AFEBEF /* GITBlob.h */,
				31F1DE3F10D5A96600AFEBEF /* GITBlob.m */,
				31F1DE4010D5A96600AFEBEF /* GITCommit.h */,
				31F1DE4110D5A96600AFEBEF /* GITCommit.m */,
				31F1DE4210D5A96600AFEBEF /* GITObject+Parsing.h */,
				31F1DE4310D5A96600AFEBEF /* GITObject+Parsing.m */,
				31F1DE4410D5A96600AFEBEF /* GITObject.h */,
				31F1DE4510D5A96600AFEBEF /* GITObject.m */,
				31F1DE4610D5A96600AFEBEF /* GITTag.h */,
				31F1DE4710D5A96600AFEBEF /* GITTag.m */,
				31F1DE4810D5A96600AFEBEF /* GITTree.h */,
				31F1DE4910D5A96600AFEBEF /* GITTree.m */,
				31F1DE4A10D5A96600AFEBEF /* GITTreeEntry.h */,
				31F1DE4B10D5A96600AFEBEF /* GITTreeEntry.m */,
			);
			path = Core;
			sourceTree = "<group>";
		};
		31F1DE4C10D5A96600AFEBEF /* Extra */ = {
			isa = PBXGroup;
			children = (
				31F1DE4D10D5A96600AFEBEF /* GITActor.h */,
				31F1DE4E10D5A96600AFEBEF /* GITActor.m */,
				31F1DE4F10D5A96600AFEBEF /* GITDateTime.h */,
				31F1DE5010D5A96600AFEBEF /* GITDateTime.m */,
				31F1DE5110D5A96600AFEBEF /* GITErrors.h */,
				31F1DE5210D5A96600AFEBEF /* GITErrors.m */,
				31F1DE5310D5A96600AFEBEF /* GITUtilityBelt.h */,
				31F1DE5410D5A96600AFEBEF /* GITUtilityBelt.m */,
			);
			path = Extra;
			sourceTree = "<group>";
		};
		31F1DE5810D5A96600AFEBEF /* Graph */ = {
			isa = PBXGroup;
			children = (
				31F1DE5910D5A96600AFEBEF /* GITCommitEnumerator.h */,
				31F1DE5A10D5A96600AFEBEF /* GITCommitEnumerator.m */,
				31F1DE5B10D5A96600AFEBEF /* GITGraph.h */,
				31F1DE5C10D5A96600AFEBEF /* GITGraph.m */,
				31F1DE5D10D5A96600AFEBEF /* GITNode.h */,
				31F1DE5E10D5A96600AFEBEF /* GITNode.m */,
				31F1DE5F10D5A96600AFEBEF /* GITRepo+Enumerators.h */,
				31F1DE6010D5A96600AFEBEF /* GITRepo+Enumerators.m */,
			);
			path = Graph;
			sourceTree = "<group>";
		};
		31F1DE6110D5A96600AFEBEF /* Pack */ = {
			isa = PBXGroup;
			children = (
				31F1DE6210D5A96600AFEBEF /* GITPackFile.h */,
				31F1DE6310D5A96600AFEBEF /* GITPackFile.m */,
				31F1DE6410D5A96600AFEBEF /* GITPackFileVersion2.h */,
				31F1DE6510D5A96600AFEBEF /* GITPackFileVersion2.m */,
				31F1DE6610D5A96600AFEBEF /* GITPackIndex.h */,
				31F1DE6710D5A96600AFEBEF /* GITPackIndex.m */,
				31F1DE6810D5A96600AFEBEF /* GITPackIndexVersion1.h */,
				31F1DE6910D5A96600AFEBEF /* GITPackIndexVersion1.m */,
				31F1DE6A10D5A96600AFEBEF /* GITPackIndexVersion2.h */,
				31F1DE6B10D5A96600AFEBEF /* GITPackIndexVersion2.m */,
				31F1DE6C10D5A96600AFEBEF /* GITPackReverseIndex.h */,
				31F1DE6D10D5A96600AFEBEF /* GITPackReverseIndex.m */,
				31F1DE6E10D5A96600AFEBEF /* GITPlaceholderPackFile.h */,
				31F1DE6F10D5A96600AFEBEF /* GITPlaceholderPackFile.m */,
				31F1DE7010D5A96600AFEBEF /* GITPlaceholderPackIndex.h */,
				31F1DE7110D5A96600AFEBEF /* GITPlaceholderPackIndex.m */,
			);
			path = Pack;
			sourceTree = "<group>";
		};
		31F1DE7210D5A96600AFEBEF /* Refs */ = {
			isa = PBXGroup;
			children = (
				31F1DE7310D5A96600AFEBEF /* GITBranch.h */,
				31F1DE7410D5A96600AFEBEF /* GITBranch.m */,
				31F1DE7510D5A96600AFEBEF /* GITRef.h */,
				31F1DE7610D5A96600AFEBEF /* GITRef.m */,
			);
			path = Refs;
			sourceTree = "<group>";
		};
		31F1DE7710D5A96600AFEBEF /* Store */ = {
			isa = PBXGroup;
			children = (
				31F1DE7810D5A96600AFEBEF /* GITCombinedStore.h */,
				31F1DE7910D5A96600AFEBEF /* GITCombinedStore.m */,
				31F1DE7A10D5A96600AFEBEF /* GITFileStore.h */,
				31F1DE7B10D5A96600AFEBEF /* GITFileStore.m */,
				31F1DE7C10D5A96600AFEBEF /* GITObjectStore.h */,
				31F1DE7D10D5A96600AFEBEF /* GITObjectStore.m */,
				31F1DE7E10D5A96600AFEBEF /* GITPackStore.h */,
				31F1DE7F10D5A96600AFEBEF /* GITPackStore.m */,
				31F1DE8010D5A96600AFEBEF /* GITRefStore.h */,
				31F1DE8110D5A96600AFEBEF /* GITRefStore.m */,
			);
			path = Store;
			sourceTree = "<group>";
		};
		31F1DE8210D5A96600AFEBEF /* Util */ = {
			isa = PBXGroup;
			children = (
				31F1DE8310D5A96600AFEBEF /* assertions.h */,
				31F1DE8410D5A96600AFEBEF /* assertions.m */,
				31F1DE8510D5A96600AFEBEF /* NSCharacterSet+StringComparison.h */,
				31F1DE8610D5A96600AFEBEF /* NSCharacterSet+StringComparison.m */,
				31F1DE8710D5A96600AFEBEF /* NSData+Compression.h */,
				31F1DE8810D5A96600AFEBEF /* NSData+Compression.m */,
				31F1DE8910D5A96600AFEBEF /* NSData+Hashing.h */,
				31F1DE8A10D5A96600AFEBEF /* NSData+Hashing.m */,
				31F1DE8B10D5A96600AFEBEF /* NSData+HexDump.h */,
				31F1DE8C10D5A96600AFEBEF /* NSData+HexDump.m */,
				31F1DE8D10D5A96600AFEBEF /* NSData+Patching.h */,
				31F1DE8E10D5A96600AFEBEF /* NSData+Patching.m */,
				31F1DE8F10D5A96600AFEBEF /* NSData+Searching.h */,
				31F1DE9010D5A96600AFEBEF /* NSData+Searching.m */,
				31F1DE9110D5A96600AFEBEF /* NSError-OBExtensions.h */,
				31F1DE9210D5A96600AFEBEF /* NSError-OBExtensions.m */,
				31F1DE9310D5A96600AFEBEF /* NSFileManager+DirHelper.h */,
				31F1DE9410D5A96600AFEBEF /* NSFileManager+DirHelper.m */,
				31F1DE9510D5A96600AFEBEF /* NSTimeZone+Offset.h */,
				31F1DE9610D5A96600AFEBEF /* NSTimeZone+Offset.m */,
			);
			path = Util;
			sourceTree = "<group>";
		};
		31F1DFB710D837FE00AFEBEF /* Http */ = {
			isa = PBXGroup;
			children = (
				31F1DFD610D8384400AFEBEF /* Categories */,
				31F1DFB810D837FE00AFEBEF /* AsyncSocket.h */,
				31F1DFB910D837FE00AFEBEF /* AsyncSocket.m */,
				31F1DFC010D837FE00AFEBEF /* HTTPAuthenticationRequest.h */,
				31F1DFC110D837FE00AFEBEF /* HTTPAuthenticationRequest.m */,
				31F1DFC210D837FE00AFEBEF /* HTTPConnection.h */,
				31F1DFC310D837FE00AFEBEF /* HTTPConnection.m */,
				31F1DFC410D837FE00AFEBEF /* HTTPResponse.h */,
				31F1DFC510D837FE00AFEBEF /* HTTPResponse.m */,
				31F1DFC610D837FE00AFEBEF /* HTTPServer.h */,
				31F1DFC710D837FE00AFEBEF /* HTTPServer.m */,
			);
			path = Http;
			sourceTree = "<group>";
		};
		31F1DFD610D8384400AFEBEF /* Categories */ = {
			isa = PBXGroup;
			children = (
				31F1DFBA10D837FE00AFEBEF /* DDData.h */,
				31F1DFBB10D837FE00AFEBEF /* DDData.m */,
				31F1DFBC10D837FE00AFEBEF /* DDNumber.h */,
				31F1DFBD10D837FE00AFEBEF /* DDNumber.m */,
				31F1DFBE10D837FE00AFEBEF /* DDRange.h */,
				31F1DFBF10D837FE00AFEBEF /* DDRange.m */,
			);
			name = Categories;
			sourceTree = "<group>";
		};
		31F1E08510D8630900AFEBEF /* Client */ = {
			isa = PBXGroup;
			children = (
				31F1E08610D8630900AFEBEF /* ASIAuthenticationDialog.h */,
				31F1E08710D8630900AFEBEF /* ASIAuthenticationDialog.m */,
				31F1E08810D8630900AFEBEF /* ASIFormDataRequest.h */,
				31F1E08910D8630900AFEBEF /* ASIFormDataRequest.m */,
				31F1E08A10D8630900AFEBEF /* ASIHTTPRequest.h */,
				31F1E08B10D8630900AFEBEF /* ASIHTTPRequest.m */,
				31F1E08C10D8630900AFEBEF /* ASIHTTPRequestConfig.h */,
				31F1E08D10D8630900AFEBEF /* ASIInputStream.h */,
				31F1E08E10D8630900AFEBEF /* ASIInputStream.m */,
				31F1E08F10D8630900AFEBEF /* ASINetworkQueue.h */,
				31F1E09010D8630900AFEBEF /* ASINetworkQueue.m */,
				31F1E09110D8630900AFEBEF /* ASINSStringAdditions.h */,
				31F1E09210D8630900AFEBEF /* ASINSStringAdditions.m */,
				31F1E09910D8630900AFEBEF /* Reachability.h */,
				31F1E09A10D8630900AFEBEF /* Reachability.m */,
			);
			path = Client;
			sourceTree = "<group>";
		};
/* End PBXGroup section */

/* Begin PBXNativeTarget section */
		1D6058900D05DD3D006BFB54 /* iGitHub */ = {
			isa = PBXNativeTarget;
			buildConfigurationList = 1D6058960D05DD3E006BFB54 /* Build configuration list for PBXNativeTarget "iGitHub" */;
			buildPhases = (
				1D60588D0D05DD3D006BFB54 /* Resources */,
				1D60588E0D05DD3D006BFB54 /* Sources */,
				1D60588F0D05DD3D006BFB54 /* Frameworks */,
			);
			buildRules = (
			);
			dependencies = (
			);
			name = iGitHub;
			productName = foo;
			productReference = 1D6058910D05DD3D006BFB54 /* iGitHub.app */;
			productType = "com.apple.product-type.application";
		};
		31C5B2C80E8C313C00B07BE9 /* UnitTests */ = {
			isa = PBXNativeTarget;
			buildConfigurationList = 31C5B2CE0E8C313D00B07BE9 /* Build configuration list for PBXNativeTarget "UnitTests" */;
			buildPhases = (
				31C5B2C40E8C313C00B07BE9 /* Resources */,
				31C5B2C50E8C313C00B07BE9 /* Sources */,
				31C5B2C60E8C313C00B07BE9 /* Frameworks */,
				31C5B2C70E8C313C00B07BE9 /* ShellScript */,
			);
			buildRules = (
			);
			dependencies = (
			);
			name = UnitTests;
			productName = UnitTests;
			productReference = 31C5B2C90E8C313C00B07BE9 /* UnitTests.octest */;
			productType = "com.apple.product-type.bundle";
		};
/* End PBXNativeTarget section */

/* Begin PBXProject section */
		29B97313FDCFA39411CA2CEA /* Project object */ = {
			isa = PBXProject;
			buildConfigurationList = C01FCF4E08A954540054247B /* Build configuration list for PBXProject "iGitHub" */;
			compatibilityVersion = "Xcode 3.1";
			hasScannedForEncodings = 1;
			mainGroup = 29B97314FDCFA39411CA2CEA /* CustomTemplate */;
			projectDirPath = "";
			projectRoot = "";
			targets = (
				1D6058900D05DD3D006BFB54 /* iGitHub */,
				31C5B2C80E8C313C00B07BE9 /* UnitTests */,
			);
		};
/* End PBXProject section */

/* Begin PBXResourcesBuildPhase section */
		1D60588D0D05DD3D006BFB54 /* Resources */ = {
			isa = PBXResourcesBuildPhase;
			buildActionMask = 2147483647;
			files = (
				310F88EE0E89A95700FA95A4 /* TODO in Resources */,
				31F1DD8F10D5A7D100AFEBEF /* bg.png in Resources */,
				31F1DD9010D5A7D100AFEBEF /* Default.png in Resources */,
				31F1DD9110D5A7D100AFEBEF /* icon.png in Resources */,
				31F1DD9210D5A7D100AFEBEF /* octocat.png in Resources */,
				31F1DD9310D5A7D100AFEBEF /* rssicon.png in Resources */,
				31F1DD9410D5A7D100AFEBEF /* server.png in Resources */,
				31F1DD9510D5A7D100AFEBEF /* servericon.png in Resources */,
				31F1DD9610D5A7D100AFEBEF /* test.png in Resources */,
			);
			runOnlyForDeploymentPostprocessing = 0;
		};
		31C5B2C40E8C313C00B07BE9 /* Resources */ = {
			isa = PBXResourcesBuildPhase;
			buildActionMask = 2147483647;
			files = (
			);
			runOnlyForDeploymentPostprocessing = 0;
		};
/* End PBXResourcesBuildPhase section */

/* Begin PBXShellScriptBuildPhase section */
		31C5B2C70E8C313C00B07BE9 /* ShellScript */ = {
			isa = PBXShellScriptBuildPhase;
			buildActionMask = 2147483647;
			files = (
			);
			inputPaths = (
			);
			outputPaths = (
			);
			runOnlyForDeploymentPostprocessing = 0;
			shellPath = /bin/sh;
			shellScript = "# Run the unit tests in this test bundle.\n\"${SYSTEM_DEVELOPER_DIR}/Tools/RunUnitTests\"\n";
		};
/* End PBXShellScriptBuildPhase section */

/* Begin PBXSourcesBuildPhase section */
		1D60588E0D05DD3D006BFB54 /* Sources */ = {
			isa = PBXSourcesBuildPhase;
			buildActionMask = 2147483647;
			files = (
				1D60589B0D05DD56006BFB54 /* main.m in Sources */,
				312C951E0E7A38F200182164 /* ObjGit.m in Sources */,
				3191AB5F0E830E8600957F79 /* ObjGitCommit.m in Sources */,
				3191AB600E830E8600957F79 /* ObjGitObject.m in Sources */,
				3191AB610E830E8600957F79 /* ObjGitServerHandler.m in Sources */,
				31C5B2870E8BF40500B07BE9 /* ObjGitTree.m in Sources */,
				31F1DE3110D5A93000AFEBEF /* AppController.m in Sources */,
				31F1DE3210D5A93000AFEBEF /* BrowserViewController.m in Sources */,
				31F1DE3310D5A93000AFEBEF /* CommitDetailViewController.m in Sources */,
				31F1DE3410D5A93000AFEBEF /* CommitsViewController.m in Sources */,
				31F1DE3510D5A93000AFEBEF /* ProjectController.m in Sources */,
				31F1DE3610D5A93000AFEBEF /* ProjectDetailViewController.m in Sources */,
				31F1DE3710D5A93000AFEBEF /* ProjectViewController.m in Sources */,
				31F1DE3810D5A93000AFEBEF /* ServerViewController.m in Sources */,
				31F1DE9710D5A96600AFEBEF /* GITBlob.m in Sources */,
				31F1DE9810D5A96600AFEBEF /* GITCommit.m in Sources */,
				31F1DE9910D5A96600AFEBEF /* GITObject+Parsing.m in Sources */,
				31F1DE9A10D5A96600AFEBEF /* GITObject.m in Sources */,
				31F1DE9B10D5A96600AFEBEF /* GITTag.m in Sources */,
				31F1DE9C10D5A96600AFEBEF /* GITTree.m in Sources */,
				31F1DE9D10D5A96600AFEBEF /* GITTreeEntry.m in Sources */,
				31F1DE9E10D5A96600AFEBEF /* GITActor.m in Sources */,
				31F1DE9F10D5A96600AFEBEF /* GITDateTime.m in Sources */,
				31F1DEA010D5A96600AFEBEF /* GITErrors.m in Sources */,
				31F1DEA110D5A96600AFEBEF /* GITUtilityBelt.m in Sources */,
				31F1DEA210D5A96600AFEBEF /* GITRepo.m in Sources */,
				31F1DEA310D5A96600AFEBEF /* GITCommitEnumerator.m in Sources */,
				31F1DEA410D5A96600AFEBEF /* GITGraph.m in Sources */,
				31F1DEA510D5A96600AFEBEF /* GITNode.m in Sources */,
				31F1DEA610D5A96600AFEBEF /* GITRepo+Enumerators.m in Sources */,
				31F1DEA710D5A96600AFEBEF /* GITPackFile.m in Sources */,
				31F1DEA810D5A96600AFEBEF /* GITPackFileVersion2.m in Sources */,
				31F1DEA910D5A96600AFEBEF /* GITPackIndex.m in Sources */,
				31F1DEAA10D5A96600AFEBEF /* GITPackIndexVersion1.m in Sources */,
				31F1DEAB10D5A96600AFEBEF /* GITPackIndexVersion2.m in Sources */,
				31F1DEAC10D5A96600AFEBEF /* GITPackReverseIndex.m in Sources */,
				31F1DEAD10D5A96600AFEBEF /* GITPlaceholderPackFile.m in Sources */,
				31F1DEAE10D5A96600AFEBEF /* GITPlaceholderPackIndex.m in Sources */,
				31F1DEAF10D5A96600AFEBEF /* GITBranch.m in Sources */,
				31F1DEB010D5A96600AFEBEF /* GITRef.m in Sources */,
				31F1DEB110D5A96600AFEBEF /* GITCombinedStore.m in Sources */,
				31F1DEB210D5A96600AFEBEF /* GITFileStore.m in Sources */,
				31F1DEB310D5A96600AFEBEF /* GITObjectStore.m in Sources */,
				31F1DEB410D5A96600AFEBEF /* GITPackStore.m in Sources */,
				31F1DEB510D5A96600AFEBEF /* GITRefStore.m in Sources */,
				31F1DEB610D5A96600AFEBEF /* assertions.m in Sources */,
				31F1DEB710D5A96600AFEBEF /* NSCharacterSet+StringComparison.m in Sources */,
				31F1DEB810D5A96600AFEBEF /* NSData+Compression.m in Sources */,
				31F1DEB910D5A96600AFEBEF /* NSData+Hashing.m in Sources */,
				31F1DEBA10D5A96600AFEBEF /* NSData+HexDump.m in Sources */,
				31F1DEBB10D5A96600AFEBEF /* NSData+Patching.m in Sources */,
				31F1DEBC10D5A96600AFEBEF /* NSData+Searching.m in Sources */,
				31F1DEBD10D5A96600AFEBEF /* NSError-OBExtensions.m in Sources */,
				31F1DEBE10D5A96600AFEBEF /* NSFileManager+DirHelper.m in Sources */,
				31F1DEBF10D5A96600AFEBEF /* NSTimeZone+Offset.m in Sources */,
				31F1DFC810D837FE00AFEBEF /* AsyncSocket.m in Sources */,
				31F1DFC910D837FE00AFEBEF /* DDData.m in Sources */,
				31F1DFCA10D837FE00AFEBEF /* DDNumber.m in Sources */,
				31F1DFCB10D837FE00AFEBEF /* DDRange.m in Sources */,
				31F1DFCC10D837FE00AFEBEF /* HTTPAuthenticationRequest.m in Sources */,
				31F1DFCD10D837FE00AFEBEF /* HTTPConnection.m in Sources */,
				31F1DFCE10D837FE00AFEBEF /* HTTPResponse.m in Sources */,
				31F1DFCF10D837FE00AFEBEF /* HTTPServer.m in Sources */,
				31F1DFD910D8390700AFEBEF /* GitHTTPConnection.m in Sources */,
				31F1E09B10D8630900AFEBEF /* ASIAuthenticationDialog.m in Sources */,
				31F1E09C10D8630900AFEBEF /* ASIFormDataRequest.m in Sources */,
				31F1E09D10D8630900AFEBEF /* ASIHTTPRequest.m in Sources */,
				31F1E09E10D8630900AFEBEF /* ASIInputStream.m in Sources */,
				31F1E09F10D8630900AFEBEF /* ASINetworkQueue.m in Sources */,
				31F1E0A010D8630900AFEBEF /* ASINSStringAdditions.m in Sources */,
				31F1E0A410D8630900AFEBEF /* Reachability.m in Sources */,
			);
			runOnlyForDeploymentPostprocessing = 0;
		};
		31C5B2C50E8C313C00B07BE9 /* Sources */ = {
			isa = PBXSourcesBuildPhase;
			buildActionMask = 2147483647;
			files = (
				31C5B2F30E8C327E00B07BE9 /* ObjGit.m in Sources */,
				31C5B2F40E8C327E00B07BE9 /* ObjGitCommit.m in Sources */,
				31C5B2F50E8C327E00B07BE9 /* ObjGitObject.m in Sources */,
				31C5B2F60E8C327E00B07BE9 /* ObjGitServerHandler.m in Sources */,
				31C5B2F10E8C326100B07BE9 /* ObjGitTree.m in Sources */,
				31C5B2F20E8C326100B07BE9 /* ObjGitTest.m in Sources */,
			);
			runOnlyForDeploymentPostprocessing = 0;
		};
/* End PBXSourcesBuildPhase section */

/* Begin XCBuildConfiguration section */
		1D6058940D05DD3E006BFB54 /* Debug */ = {
			isa = XCBuildConfiguration;
			buildSettings = {
				ALWAYS_SEARCH_USER_PATHS = NO;
				COPY_PHASE_STRIP = NO;
				DEBUG_INFORMATION_FORMAT = "dwarf-with-dsym";
				GCC_DYNAMIC_NO_PIC = NO;
				GCC_ENABLE_FIX_AND_CONTINUE = NO;
				GCC_OPTIMIZATION_LEVEL = 0;
				GCC_PRECOMPILE_PREFIX_HEADER = YES;
				GCC_PREFIX_HEADER = Prefix.pch;
				INFOPLIST_FILE = Info.plist;
				"OTHER_LDFLAGS[sdk=iphoneos*][arch=*]" = (
					"-framework",
					CFNetwork,
				);
				"OTHER_LDFLAGS[sdk=iphonesimulator2.0][arch=*]" = (
					"-framework",
					CoreServices,
				);
				PREBINDING = NO;
				PRODUCT_NAME = iGitHub;
				SDKROOT = iphonesimulator3.0;
				WARNING_CFLAGS = "-Wall";
			};
			name = Debug;
		};
		1D6058950D05DD3E006BFB54 /* Release */ = {
			isa = XCBuildConfiguration;
			buildSettings = {
				ALWAYS_SEARCH_USER_PATHS = NO;
				COPY_PHASE_STRIP = YES;
				DEBUG_INFORMATION_FORMAT = "dwarf-with-dsym";
				GCC_ENABLE_FIX_AND_CONTINUE = NO;
				GCC_PRECOMPILE_PREFIX_HEADER = YES;
				GCC_PREFIX_HEADER = Prefix.pch;
				INFOPLIST_FILE = Info.plist;
				"OTHER_LDFLAGS[sdk=iphoneos*][arch=*]" = (
					"-framework",
					CFNetwork,
				);
				"OTHER_LDFLAGS[sdk=iphonesimulator2.0][arch=*]" = (
					"-framework",
					CoreServices,
				);
				PREBINDING = NO;
				PRODUCT_NAME = WiTap;
				WARNING_CFLAGS = "-Wall";
			};
			name = Release;
		};
		31C5B2CC0E8C313D00B07BE9 /* Debug */ = {
			isa = XCBuildConfiguration;
			buildSettings = {
				ALWAYS_SEARCH_USER_PATHS = NO;
				COPY_PHASE_STRIP = NO;
				FRAMEWORK_SEARCH_PATHS = "$(DEVELOPER_LIBRARY_DIR)/Frameworks";
				GCC_DYNAMIC_NO_PIC = NO;
				GCC_ENABLE_FIX_AND_CONTINUE = NO;
				GCC_ENABLE_OBJC_EXCEPTIONS = YES;
				GCC_MODEL_TUNING = G5;
				GCC_OPTIMIZATION_LEVEL = 0;
				GCC_PRECOMPILE_PREFIX_HEADER = YES;
				GCC_PREFIX_HEADER = "$(SYSTEM_LIBRARY_DIR)/Frameworks/Cocoa.framework/Headers/Cocoa.h";
				INFOPLIST_FILE = "UnitTests-Info.plist";
				INSTALL_PATH = "$(USER_LIBRARY_DIR)/Bundles";
				OTHER_LDFLAGS = (
					"-framework",
					Cocoa,
					"-framework",
					SenTestingKit,
				);
				PREBINDING = NO;
				PRODUCT_NAME = UnitTests;
				SDKROOT = macosx10.5;
				WRAPPER_EXTENSION = octest;
			};
			name = Debug;
		};
		31C5B2CD0E8C313D00B07BE9 /* Release */ = {
			isa = XCBuildConfiguration;
			buildSettings = {
				ALWAYS_SEARCH_USER_PATHS = NO;
				COPY_PHASE_STRIP = YES;
				DEBUG_INFORMATION_FORMAT = "dwarf-with-dsym";
				FRAMEWORK_SEARCH_PATHS = "$(DEVELOPER_LIBRARY_DIR)/Frameworks";
				GCC_ENABLE_FIX_AND_CONTINUE = NO;
				GCC_ENABLE_OBJC_EXCEPTIONS = YES;
				GCC_MODEL_TUNING = G5;
				GCC_PRECOMPILE_PREFIX_HEADER = YES;
				GCC_PREFIX_HEADER = "$(SYSTEM_LIBRARY_DIR)/Frameworks/Cocoa.framework/Headers/Cocoa.h";
				INFOPLIST_FILE = "UnitTests-Info.plist";
				INSTALL_PATH = "$(USER_LIBRARY_DIR)/Bundles";
				OTHER_LDFLAGS = (
					"-framework",
					Cocoa,
					"-framework",
					SenTestingKit,
				);
				PREBINDING = NO;
				PRODUCT_NAME = UnitTests;
				WRAPPER_EXTENSION = octest;
				ZERO_LINK = NO;
			};
			name = Release;
		};
		C01FCF4F08A954540054247B /* Debug */ = {
			isa = XCBuildConfiguration;
			buildSettings = {
				ARCHS = "$(ARCHS_STANDARD_32_BIT)";
				"CODE_SIGN_IDENTITY[sdk=iphoneos*]" = "iPhone Developer";
				ONLY_ACTIVE_ARCH = YES;
				SDKROOT = iphoneos2.0;
			};
			name = Debug;
		};
		C01FCF5008A954540054247B /* Release */ = {
			isa = XCBuildConfiguration;
			buildSettings = {
				ARCHS = "$(ARCHS_STANDARD_32_BIT)";
				"CODE_SIGN_IDENTITY[sdk=iphoneos*]" = "iPhone Developer";
				SDKROOT = iphoneos2.0;
			};
			name = Release;
		};
/* End XCBuildConfiguration section */

/* Begin XCConfigurationList section */
		1D6058960D05DD3E006BFB54 /* Build configuration list for PBXNativeTarget "iGitHub" */ = {
			isa = XCConfigurationList;
			buildConfigurations = (
				1D6058940D05DD3E006BFB54 /* Debug */,
				1D6058950D05DD3E006BFB54 /* Release */,
			);
			defaultConfigurationIsVisible = 0;
			defaultConfigurationName = Release;
		};
		31C5B2CE0E8C313D00B07BE9 /* Build configuration list for PBXNativeTarget "UnitTests" */ = {
			isa = XCConfigurationList;
			buildConfigurations = (
				31C5B2CC0E8C313D00B07BE9 /* Debug */,
				31C5B2CD0E8C313D00B07BE9 /* Release */,
			);
			defaultConfigurationIsVisible = 0;
			defaultConfigurationName = Release;
		};
		C01FCF4E08A954540054247B /* Build configuration list for PBXProject "iGitHub" */ = {
			isa = XCConfigurationList;
			buildConfigurations = (
				C01FCF4F08A954540054247B /* Debug */,
				C01FCF5008A954540054247B /* Release */,
			);
			defaultConfigurationIsVisible = 0;
			defaultConfigurationName = Release;
		};
/* End XCConfigurationList section */
	};
	rootObject = 29B97313FDCFA39411CA2CEA /* Project object */;
}
