// !$*UTF8*$!
{
	archiveVersion = 1;
	classes = {
	};
	objectVersion = 45;
	objects = {

/* Begin PBXBuildFile section */
		1D3623EC0D0F72F000981E51 /* CoreGraphics.framework in Frameworks */ = {isa = PBXBuildFile; fileRef = 1D3623EB0D0F72F000981E51 /* CoreGraphics.framework */; };
		1D60589B0D05DD56006BFB54 /* main.m in Sources */ = {isa = PBXBuildFile; fileRef = 29B97316FDCFA39411CA2CEA /* main.m */; };
		1D60589F0D05DD5A006BFB54 /* Foundation.framework in Frameworks */ = {isa = PBXBuildFile; fileRef = 1D30AB110D05D00D00671497 /* Foundation.framework */; };
		1DF5F4E00D08C38300B7A737 /* UIKit.framework in Frameworks */ = {isa = PBXBuildFile; fileRef = 1DF5F4DF0D08C38300B7A737 /* UIKit.framework */; };
		2D500B1C0D5A766900DBA0E3 /* AppController.m in Sources */ = {isa = PBXBuildFile; fileRef = 2D500B1B0D5A766900DBA0E3 /* AppController.m */; };
		2D500FA20D5A86A600DBA0E3 /* TCPServer.m in Sources */ = {isa = PBXBuildFile; fileRef = 2D500F920D5A86A600DBA0E3 /* TCPServer.m */; };
		2D500FB40D5A86C000DBA0E3 /* SystemConfiguration.framework in Frameworks */ = {isa = PBXBuildFile; fileRef = 2D500FB20D5A86C000DBA0E3 /* SystemConfiguration.framework */; };
		310855400E92A7F300208197 /* ServerViewController.m in Sources */ = {isa = PBXBuildFile; fileRef = 3108553F0E92A7F300208197 /* ServerViewController.m */; };
		3108557A0E92B4B200208197 /* server.png in Resources */ = {isa = PBXBuildFile; fileRef = 310855790E92B4B200208197 /* server.png */; };
		310855870E92B81200208197 /* servericon.png in Resources */ = {isa = PBXBuildFile; fileRef = 310855860E92B81200208197 /* servericon.png */; };
		3108559C0E92B95B00208197 /* rssicon.png in Resources */ = {isa = PBXBuildFile; fileRef = 3108559B0E92B95B00208197 /* rssicon.png */; };
		310F88EE0E89A95700FA95A4 /* TODO in Resources */ = {isa = PBXBuildFile; fileRef = 310F88ED0E89A95700FA95A4 /* TODO */; };
		311D2AF80E904D7000A08291 /* CommitsViewController.m in Sources */ = {isa = PBXBuildFile; fileRef = 311D2AF70E904D7000A08291 /* CommitsViewController.m */; };
		311D2CD10E9155E500A08291 /* CommitDetailViewController.m in Sources */ = {isa = PBXBuildFile; fileRef = 311D2CD00E9155E500A08291 /* CommitDetailViewController.m */; };
		312C951E0E7A38F200182164 /* ObjGit.m in Sources */ = {isa = PBXBuildFile; fileRef = 312C951D0E7A38F200182164 /* ObjGit.m */; };
		316381DB0E8FEECB00044E4A /* ProjectViewController.m in Sources */ = {isa = PBXBuildFile; fileRef = 316381CC0E8FED3100044E4A /* ProjectViewController.m */; };
		316382540E900E7100044E4A /* ProjectController.m in Sources */ = {isa = PBXBuildFile; fileRef = 316382530E900E7100044E4A /* ProjectController.m */; };
		316382CB0E901A9300044E4A /* ProjectDetailViewController.m in Sources */ = {isa = PBXBuildFile; fileRef = 316382CA0E901A9300044E4A /* ProjectDetailViewController.m */; };
		3191AB5F0E830E8600957F79 /* ObjGitCommit.m in Sources */ = {isa = PBXBuildFile; fileRef = 3191AB5A0E830E8600957F79 /* ObjGitCommit.m */; };
		3191AB600E830E8600957F79 /* ObjGitObject.m in Sources */ = {isa = PBXBuildFile; fileRef = 3191AB5C0E830E8600957F79 /* ObjGitObject.m */; };
		3191AB610E830E8600957F79 /* ObjGitServerHandler.m in Sources */ = {isa = PBXBuildFile; fileRef = 3191AB5E0E830E8600957F79 /* ObjGitServerHandler.m */; };
		3191AB730E830F7800957F79 /* NSDataCompression.m in Sources */ = {isa = PBXBuildFile; fileRef = 3191AB720E830F7800957F79 /* NSDataCompression.m */; };
		3191AB810E830FA600957F79 /* libz.dylib in Frameworks */ = {isa = PBXBuildFile; fileRef = 3191AB800E830FA600957F79 /* libz.dylib */; };
		31C5B2870E8BF40500B07BE9 /* ObjGitTree.m in Sources */ = {isa = PBXBuildFile; fileRef = 31C5B2860E8BF40500B07BE9 /* ObjGitTree.m */; };
		31C5B2D00E8C31B000B07BE9 /* SenTestingKit.framework in Frameworks */ = {isa = PBXBuildFile; fileRef = 31C5B2CF0E8C31B000B07BE9 /* SenTestingKit.framework */; };
		31C5B2F10E8C326100B07BE9 /* ObjGitTree.m in Sources */ = {isa = PBXBuildFile; fileRef = 31C5B2860E8BF40500B07BE9 /* ObjGitTree.m */; };
		31C5B2F20E8C326100B07BE9 /* ObjGitTest.m in Sources */ = {isa = PBXBuildFile; fileRef = 31C5B2A20E8C2CEE00B07BE9 /* ObjGitTest.m */; };
		31C5B2F30E8C327E00B07BE9 /* ObjGit.m in Sources */ = {isa = PBXBuildFile; fileRef = 312C951D0E7A38F200182164 /* ObjGit.m */; };
		31C5B2F40E8C327E00B07BE9 /* ObjGitCommit.m in Sources */ = {isa = PBXBuildFile; fileRef = 3191AB5A0E830E8600957F79 /* ObjGitCommit.m */; };
		31C5B2F50E8C327E00B07BE9 /* ObjGitObject.m in Sources */ = {isa = PBXBuildFile; fileRef = 3191AB5C0E830E8600957F79 /* ObjGitObject.m */; };
		31C5B2F60E8C327E00B07BE9 /* ObjGitServerHandler.m in Sources */ = {isa = PBXBuildFile; fileRef = 3191AB5E0E830E8600957F79 /* ObjGitServerHandler.m */; };
		31C5B3020E8C330200B07BE9 /* NSDataCompression.m in Sources */ = {isa = PBXBuildFile; fileRef = 3191AB720E830F7800957F79 /* NSDataCompression.m */; };
		31C5B3070E8C333B00B07BE9 /* libz.dylib in Frameworks */ = {isa = PBXBuildFile; fileRef = 3191AB800E830FA600957F79 /* libz.dylib */; };
		31C5B3100E8C333E00B07BE9 /* Foundation.framework in Frameworks */ = {isa = PBXBuildFile; fileRef = 1D30AB110D05D00D00671497 /* Foundation.framework */; };
		31C5B3660E8C33F200B07BE9 /* SystemConfiguration.framework in Frameworks */ = {isa = PBXBuildFile; fileRef = 2D500FB20D5A86C000DBA0E3 /* SystemConfiguration.framework */; };
		31CB1FCD0E929EDD008B3093 /* test.png in Resources */ = {isa = PBXBuildFile; fileRef = 31CB1FCC0E929EDD008B3093 /* test.png */; };
		4A50295F0DF7068E00D72A3B /* BrowserViewController.m in Sources */ = {isa = PBXBuildFile; fileRef = 4A50295E0DF7068E00D72A3B /* BrowserViewController.m */; };
		4A6968FE0E1AD83800DCB40C /* Default.png in Resources */ = {isa = PBXBuildFile; fileRef = 4A6968FD0E1AD83800DCB40C /* Default.png */; };
		4ACBF2160E1AC84C002CC43E /* bg.png in Resources */ = {isa = PBXBuildFile; fileRef = 4ACBF2150E1AC84C002CC43E /* bg.png */; };
		8406D2F00DF4B487005DDED6 /* icon.png in Resources */ = {isa = PBXBuildFile; fileRef = 8406D2EF0DF4B487005DDED6 /* icon.png */; };
/* End PBXBuildFile section */

/* Begin PBXFileReference section */
		1D30AB110D05D00D00671497 /* Foundation.framework */ = {isa = PBXFileReference; lastKnownFileType = wrapper.framework; name = Foundation.framework; path = System/Library/Frameworks/Foundation.framework; sourceTree = SDKROOT; };
		1D3623EB0D0F72F000981E51 /* CoreGraphics.framework */ = {isa = PBXFileReference; lastKnownFileType = wrapper.framework; name = CoreGraphics.framework; path = System/Library/Frameworks/CoreGraphics.framework; sourceTree = SDKROOT; };
		1D6058910D05DD3D006BFB54 /* iGitHub.app */ = {isa = PBXFileReference; explicitFileType = wrapper.application; includeInIndex = 0; path = iGitHub.app; sourceTree = BUILT_PRODUCTS_DIR; };
		1DF5F4DF0D08C38300B7A737 /* UIKit.framework */ = {isa = PBXFileReference; lastKnownFileType = wrapper.framework; name = UIKit.framework; path = System/Library/Frameworks/UIKit.framework; sourceTree = SDKROOT; };
		29B97316FDCFA39411CA2CEA /* main.m */ = {isa = PBXFileReference; fileEncoding = 4; lastKnownFileType = sourcecode.c.objc; path = main.m; sourceTree = "<group>"; };
		2D500B1A0D5A766900DBA0E3 /* AppController.h */ = {isa = PBXFileReference; fileEncoding = 4; lastKnownFileType = sourcecode.c.h; path = AppController.h; sourceTree = "<group>"; };
		2D500B1B0D5A766900DBA0E3 /* AppController.m */ = {isa = PBXFileReference; fileEncoding = 4; lastKnownFileType = sourcecode.c.objc; path = AppController.m; sourceTree = "<group>"; };
		2D500F910D5A86A600DBA0E3 /* TCPServer.h */ = {isa = PBXFileReference; fileEncoding = 4; lastKnownFileType = sourcecode.c.h; name = TCPServer.h; path = Networking/TCPServer.h; sourceTree = "<group>"; };
		2D500F920D5A86A600DBA0E3 /* TCPServer.m */ = {isa = PBXFileReference; fileEncoding = 4; lastKnownFileType = sourcecode.c.objc; name = TCPServer.m; path = Networking/TCPServer.m; sourceTree = "<group>"; };
		2D500FB20D5A86C000DBA0E3 /* SystemConfiguration.framework */ = {isa = PBXFileReference; lastKnownFileType = wrapper.framework; name = SystemConfiguration.framework; path = System/Library/Frameworks/SystemConfiguration.framework; sourceTree = SDKROOT; };
		3108553E0E92A7F300208197 /* ServerViewController.h */ = {isa = PBXFileReference; fileEncoding = 4; lastKnownFileType = sourcecode.c.h; path = ServerViewController.h; sourceTree = "<group>"; };
		3108553F0E92A7F300208197 /* ServerViewController.m */ = {isa = PBXFileReference; fileEncoding = 4; lastKnownFileType = sourcecode.c.objc; path = ServerViewController.m; sourceTree = "<group>"; };
		310855790E92B4B200208197 /* server.png */ = {isa = PBXFileReference; lastKnownFileType = image.png; path = server.png; sourceTree = "<group>"; };
		310855860E92B81200208197 /* servericon.png */ = {isa = PBXFileReference; lastKnownFileType = image.png; path = servericon.png; sourceTree = "<group>"; };
		3108559B0E92B95B00208197 /* rssicon.png */ = {isa = PBXFileReference; lastKnownFileType = image.png; path = rssicon.png; sourceTree = "<group>"; };
		310F88ED0E89A95700FA95A4 /* TODO */ = {isa = PBXFileReference; fileEncoding = 4; lastKnownFileType = text; path = TODO; sourceTree = "<group>"; };
		311D2AF60E904D7000A08291 /* CommitsViewController.h */ = {isa = PBXFileReference; fileEncoding = 4; lastKnownFileType = sourcecode.c.h; path = CommitsViewController.h; sourceTree = "<group>"; };
		311D2AF70E904D7000A08291 /* CommitsViewController.m */ = {isa = PBXFileReference; fileEncoding = 4; lastKnownFileType = sourcecode.c.objc; path = CommitsViewController.m; sourceTree = "<group>"; };
		311D2CCF0E9155E500A08291 /* CommitDetailViewController.h */ = {isa = PBXFileReference; fileEncoding = 4; lastKnownFileType = sourcecode.c.h; path = CommitDetailViewController.h; sourceTree = "<group>"; };
		311D2CD00E9155E500A08291 /* CommitDetailViewController.m */ = {isa = PBXFileReference; fileEncoding = 4; lastKnownFileType = sourcecode.c.objc; path = CommitDetailViewController.m; sourceTree = "<group>"; };
		312C951C0E7A38F200182164 /* ObjGit.h */ = {isa = PBXFileReference; fileEncoding = 4; lastKnownFileType = sourcecode.c.h; path = ObjGit.h; sourceTree = "<group>"; };
		312C951D0E7A38F200182164 /* ObjGit.m */ = {isa = PBXFileReference; fileEncoding = 4; lastKnownFileType = sourcecode.c.objc; path = ObjGit.m; sourceTree = "<group>"; };
		316381CB0E8FED3100044E4A /* ProjectViewController.h */ = {isa = PBXFileReference; fileEncoding = 4; lastKnownFileType = sourcecode.c.h; path = ProjectViewController.h; sourceTree = "<group>"; };
		316381CC0E8FED3100044E4A /* ProjectViewController.m */ = {isa = PBXFileReference; fileEncoding = 4; lastKnownFileType = sourcecode.c.objc; path = ProjectViewController.m; sourceTree = "<group>"; };
		316382520E900E7100044E4A /* ProjectController.h */ = {isa = PBXFileReference; fileEncoding = 4; lastKnownFileType = sourcecode.c.h; path = ProjectController.h; sourceTree = "<group>"; };
		316382530E900E7100044E4A /* ProjectController.m */ = {isa = PBXFileReference; fileEncoding = 4; lastKnownFileType = sourcecode.c.objc; path = ProjectController.m; sourceTree = "<group>"; };
		316382C90E901A9300044E4A /* ProjectDetailViewController.h */ = {isa = PBXFileReference; fileEncoding = 4; lastKnownFileType = sourcecode.c.h; path = ProjectDetailViewController.h; sourceTree = "<group>"; };
		316382CA0E901A9300044E4A /* ProjectDetailViewController.m */ = {isa = PBXFileReference; fileEncoding = 4; lastKnownFileType = sourcecode.c.objc; path = ProjectDetailViewController.m; sourceTree = "<group>"; };
		3191AB590E830E8600957F79 /* ObjGitCommit.h */ = {isa = PBXFileReference; fileEncoding = 4; lastKnownFileType = sourcecode.c.h; path = ObjGitCommit.h; sourceTree = "<group>"; };
		3191AB5A0E830E8600957F79 /* ObjGitCommit.m */ = {isa = PBXFileReference; fileEncoding = 4; lastKnownFileType = sourcecode.c.objc; path = ObjGitCommit.m; sourceTree = "<group>"; };
		3191AB5B0E830E8600957F79 /* ObjGitObject.h */ = {isa = PBXFileReference; fileEncoding = 4; lastKnownFileType = sourcecode.c.h; path = ObjGitObject.h; sourceTree = "<group>"; };
		3191AB5C0E830E8600957F79 /* ObjGitObject.m */ = {isa = PBXFileReference; fileEncoding = 4; lastKnownFileType = sourcecode.c.objc; path = ObjGitObject.m; sourceTree = "<group>"; };
		3191AB5D0E830E8600957F79 /* ObjGitServerHandler.h */ = {isa = PBXFileReference; fileEncoding = 4; lastKnownFileType = sourcecode.c.h; path = ObjGitServerHandler.h; sourceTree = "<group>"; };
		3191AB5E0E830E8600957F79 /* ObjGitServerHandler.m */ = {isa = PBXFileReference; fileEncoding = 4; lastKnownFileType = sourcecode.c.objc; path = ObjGitServerHandler.m; sourceTree = "<group>"; };
		3191AB710E830F7800957F79 /* NSDataCompression.h */ = {isa = PBXFileReference; fileEncoding = 4; lastKnownFileType = sourcecode.c.h; path = NSDataCompression.h; sourceTree = "<group>"; };
		3191AB720E830F7800957F79 /* NSDataCompression.m */ = {isa = PBXFileReference; fileEncoding = 4; lastKnownFileType = sourcecode.c.objc; path = NSDataCompression.m; sourceTree = "<group>"; };
		3191AB800E830FA600957F79 /* libz.dylib */ = {isa = PBXFileReference; lastKnownFileType = "compiled.mach-o.dylib"; name = libz.dylib; path = usr/lib/libz.dylib; sourceTree = SDKROOT; };
		31C5B2850E8BF40500B07BE9 /* ObjGitTree.h */ = {isa = PBXFileReference; fileEncoding = 4; lastKnownFileType = sourcecode.c.h; path = ObjGitTree.h; sourceTree = "<group>"; };
		31C5B2860E8BF40500B07BE9 /* ObjGitTree.m */ = {isa = PBXFileReference; fileEncoding = 4; lastKnownFileType = sourcecode.c.objc; path = ObjGitTree.m; sourceTree = "<group>"; };
		31C5B2A20E8C2CEE00B07BE9 /* ObjGitTest.m */ = {isa = PBXFileReference; fileEncoding = 4; lastKnownFileType = sourcecode.c.objc; path = ObjGitTest.m; sourceTree = "<group>"; };
		31C5B2C90E8C313C00B07BE9 /* UnitTests.octest */ = {isa = PBXFileReference; explicitFileType = wrapper.cfbundle; includeInIndex = 0; path = UnitTests.octest; sourceTree = BUILT_PRODUCTS_DIR; };
		31C5B2CA0E8C313C00B07BE9 /* UnitTests-Info.plist */ = {isa = PBXFileReference; lastKnownFileType = text.plist.xml; path = "UnitTests-Info.plist"; sourceTree = "<group>"; };
		31C5B2CF0E8C31B000B07BE9 /* SenTestingKit.framework */ = {isa = PBXFileReference; lastKnownFileType = wrapper.framework; name = SenTestingKit.framework; path = Library/Frameworks/SenTestingKit.framework; sourceTree = DEVELOPER_DIR; };
		31CB1FCC0E929EDD008B3093 /* test.png */ = {isa = PBXFileReference; lastKnownFileType = image.png; path = test.png; sourceTree = "<group>"; };
		32CA4F630368D1EE00C91783 /* Prefix.pch */ = {isa = PBXFileReference; fileEncoding = 4; lastKnownFileType = sourcecode.c.h; path = Prefix.pch; sourceTree = "<group>"; };
		4A50295D0DF7068E00D72A3B /* BrowserViewController.h */ = {isa = PBXFileReference; fileEncoding = 4; lastKnownFileType = sourcecode.c.h; name = BrowserViewController.h; path = Networking/BrowserViewController.h; sourceTree = "<group>"; };
		4A50295E0DF7068E00D72A3B /* BrowserViewController.m */ = {isa = PBXFileReference; fileEncoding = 4; lastKnownFileType = sourcecode.c.objc; name = BrowserViewController.m; path = Networking/BrowserViewController.m; sourceTree = "<group>"; };
		4A6968FD0E1AD83800DCB40C /* Default.png */ = {isa = PBXFileReference; lastKnownFileType = image.png; path = Default.png; sourceTree = "<group>"; };
		4ACBF2150E1AC84C002CC43E /* bg.png */ = {isa = PBXFileReference; lastKnownFileType = image.png; path = bg.png; sourceTree = "<group>"; };
		8406D2EF0DF4B487005DDED6 /* icon.png */ = {isa = PBXFileReference; lastKnownFileType = image.png; path = icon.png; sourceTree = "<group>"; };
		8D1107310486CEB800E47090 /* Info.plist */ = {isa = PBXFileReference; fileEncoding = 4; lastKnownFileType = text.plist.xml; path = Info.plist; sourceTree = "<group>"; };
/* End PBXFileReference section */

/* Begin PBXFrameworksBuildPhase section */
		1D60588F0D05DD3D006BFB54 /* Frameworks */ = {
			isa = PBXFrameworksBuildPhase;
			buildActionMask = 2147483647;
			files = (
				1D60589F0D05DD5A006BFB54 /* Foundation.framework in Frameworks */,
				1DF5F4E00D08C38300B7A737 /* UIKit.framework in Frameworks */,
				1D3623EC0D0F72F000981E51 /* CoreGraphics.framework in Frameworks */,
				2D500FB40D5A86C000DBA0E3 /* SystemConfiguration.framework in Frameworks */,
				3191AB810E830FA600957F79 /* libz.dylib in Frameworks */,
			);
			runOnlyForDeploymentPostprocessing = 0;
		};
		31C5B2C60E8C313C00B07BE9 /* Frameworks */ = {
			isa = PBXFrameworksBuildPhase;
			buildActionMask = 2147483647;
			files = (
				31C5B3660E8C33F200B07BE9 /* SystemConfiguration.framework in Frameworks */,
				31C5B3100E8C333E00B07BE9 /* Foundation.framework in Frameworks */,
				31C5B3070E8C333B00B07BE9 /* libz.dylib in Frameworks */,
				31C5B2D00E8C31B000B07BE9 /* SenTestingKit.framework in Frameworks */,
			);
			runOnlyForDeploymentPostprocessing = 0;
		};
/* End PBXFrameworksBuildPhase section */

/* Begin PBXGroup section */
		19C28FACFE9D520D11CA2CBB /* Products */ = {
			isa = PBXGroup;
			children = (
				1D6058910D05DD3D006BFB54 /* iGitHub.app */,
				31C5B2C90E8C313C00B07BE9 /* UnitTests.octest */,
			);
			name = Products;
			sourceTree = "<group>";
		};
		29B97314FDCFA39411CA2CEA /* CustomTemplate */ = {
			isa = PBXGroup;
			children = (
				312C951B0E7A38F200182164 /* Git */,
				2D500B1D0D5A766B00DBA0E3 /* Classes */,
				2D500B6F0D5A793600DBA0E3 /* Support */,
				29B97315FDCFA39411CA2CEA /* Other Sources */,
				29B97317FDCFA39411CA2CEA /* Resources */,
				29B97323FDCFA39411CA2CEA /* Frameworks */,
				19C28FACFE9D520D11CA2CBB /* Products */,
				3191AB800E830FA600957F79 /* libz.dylib */,
				310F88ED0E89A95700FA95A4 /* TODO */,
				31C5B2CA0E8C313C00B07BE9 /* UnitTests-Info.plist */,
			);
			name = CustomTemplate;
			sourceTree = "<group>";
		};
		29B97315FDCFA39411CA2CEA /* Other Sources */ = {
			isa = PBXGroup;
			children = (
				32CA4F630368D1EE00C91783 /* Prefix.pch */,
				29B97316FDCFA39411CA2CEA /* main.m */,
			);
			name = "Other Sources";
			sourceTree = "<group>";
		};
		29B97317FDCFA39411CA2CEA /* Resources */ = {
			isa = PBXGroup;
			children = (
				3108559B0E92B95B00208197 /* rssicon.png */,
				310855860E92B81200208197 /* servericon.png */,
				310855790E92B4B200208197 /* server.png */,
				31CB1FCC0E929EDD008B3093 /* test.png */,
				4ACBF2150E1AC84C002CC43E /* bg.png */,
				8406D2EF0DF4B487005DDED6 /* icon.png */,
				8D1107310486CEB800E47090 /* Info.plist */,
				4A6968FD0E1AD83800DCB40C /* Default.png */,
			);
			name = Resources;
			sourceTree = "<group>";
		};
		29B97323FDCFA39411CA2CEA /* Frameworks */ = {
			isa = PBXGroup;
			children = (
				31C5B2CF0E8C31B000B07BE9 /* SenTestingKit.framework */,
				2D500FB20D5A86C000DBA0E3 /* SystemConfiguration.framework */,
				1D3623EB0D0F72F000981E51 /* CoreGraphics.framework */,
				1DF5F4DF0D08C38300B7A737 /* UIKit.framework */,
				1D30AB110D05D00D00671497 /* Foundation.framework */,
			);
			name = Frameworks;
			sourceTree = "<group>";
		};
		2D500B1D0D5A766B00DBA0E3 /* Classes */ = {
			isa = PBXGroup;
			children = (
				2D500B1A0D5A766900DBA0E3 /* AppController.h */,
				2D500B1B0D5A766900DBA0E3 /* AppController.m */,
				4A50295D0DF7068E00D72A3B /* BrowserViewController.h */,
				4A50295E0DF7068E00D72A3B /* BrowserViewController.m */,
				316381CB0E8FED3100044E4A /* ProjectViewController.h */,
				316381CC0E8FED3100044E4A /* ProjectViewController.m */,
				316382520E900E7100044E4A /* ProjectController.h */,
				316382530E900E7100044E4A /* ProjectController.m */,
				316382C90E901A9300044E4A /* ProjectDetailViewController.h */,
				316382CA0E901A9300044E4A /* ProjectDetailViewController.m */,
				311D2AF60E904D7000A08291 /* CommitsViewController.h */,
				311D2AF70E904D7000A08291 /* CommitsViewController.m */,
				311D2CCF0E9155E500A08291 /* CommitDetailViewController.h */,
				311D2CD00E9155E500A08291 /* CommitDetailViewController.m */,
				3108553E0E92A7F300208197 /* ServerViewController.h */,
				3108553F0E92A7F300208197 /* ServerViewController.m */,
			);
			name = Classes;
			sourceTree = "<group>";
		};
		2D500B6F0D5A793600DBA0E3 /* Support */ = {
			isa = PBXGroup;
			children = (
				2D500F910D5A86A600DBA0E3 /* TCPServer.h */,
				2D500F920D5A86A600DBA0E3 /* TCPServer.m */,
			);
			name = Support;
			sourceTree = "<group>";
		};
		312C951B0E7A38F200182164 /* Git */ = {
			isa = PBXGroup;
			children = (
				3191AB710E830F7800957F79 /* NSDataCompression.h */,
				3191AB720E830F7800957F79 /* NSDataCompression.m */,
				3191AB590E830E8600957F79 /* ObjGitCommit.h */,
				3191AB5A0E830E8600957F79 /* ObjGitCommit.m */,
				3191AB5B0E830E8600957F79 /* ObjGitObject.h */,
				3191AB5C0E830E8600957F79 /* ObjGitObject.m */,
				3191AB5D0E830E8600957F79 /* ObjGitServerHandler.h */,
				3191AB5E0E830E8600957F79 /* ObjGitServerHandler.m */,
				312C951C0E7A38F200182164 /* ObjGit.h */,
				312C951D0E7A38F200182164 /* ObjGit.m */,
				31C5B2850E8BF40500B07BE9 /* ObjGitTree.h */,
				31C5B2860E8BF40500B07BE9 /* ObjGitTree.m */,
				31C5B2A20E8C2CEE00B07BE9 /* ObjGitTest.m */,
			);
			path = Git;
			sourceTree = "<group>";
		};
/* End PBXGroup section */

/* Begin PBXNativeTarget section */
		1D6058900D05DD3D006BFB54 /* iGitHub */ = {
			isa = PBXNativeTarget;
			buildConfigurationList = 1D6058960D05DD3E006BFB54 /* Build configuration list for PBXNativeTarget "iGitHub" */;
			buildPhases = (
				1D60588D0D05DD3D006BFB54 /* Resources */,
				1D60588E0D05DD3D006BFB54 /* Sources */,
				1D60588F0D05DD3D006BFB54 /* Frameworks */,
			);
			buildRules = (
			);
			dependencies = (
			);
			name = iGitHub;
			productName = foo;
			productReference = 1D6058910D05DD3D006BFB54 /* iGitHub.app */;
			productType = "com.apple.product-type.application";
		};
		31C5B2C80E8C313C00B07BE9 /* UnitTests */ = {
			isa = PBXNativeTarget;
			buildConfigurationList = 31C5B2CE0E8C313D00B07BE9 /* Build configuration list for PBXNativeTarget "UnitTests" */;
			buildPhases = (
				31C5B2C40E8C313C00B07BE9 /* Resources */,
				31C5B2C50E8C313C00B07BE9 /* Sources */,
				31C5B2C60E8C313C00B07BE9 /* Frameworks */,
				31C5B2C70E8C313C00B07BE9 /* ShellScript */,
			);
			buildRules = (
			);
			dependencies = (
			);
			name = UnitTests;
			productName = UnitTests;
			productReference = 31C5B2C90E8C313C00B07BE9 /* UnitTests.octest */;
			productType = "com.apple.product-type.bundle";
		};
/* End PBXNativeTarget section */

/* Begin PBXProject section */
		29B97313FDCFA39411CA2CEA /* Project object */ = {
			isa = PBXProject;
			buildConfigurationList = C01FCF4E08A954540054247B /* Build configuration list for PBXProject "iGitHub" */;
			compatibilityVersion = "Xcode 3.1";
			hasScannedForEncodings = 1;
			mainGroup = 29B97314FDCFA39411CA2CEA /* CustomTemplate */;
			projectDirPath = "";
			projectRoot = "";
			targets = (
				1D6058900D05DD3D006BFB54 /* iGitHub */,
				31C5B2C80E8C313C00B07BE9 /* UnitTests */,
			);
		};
/* End PBXProject section */

/* Begin PBXResourcesBuildPhase section */
		1D60588D0D05DD3D006BFB54 /* Resources */ = {
			isa = PBXResourcesBuildPhase;
			buildActionMask = 2147483647;
			files = (
				8406D2F00DF4B487005DDED6 /* icon.png in Resources */,
				4ACBF2160E1AC84C002CC43E /* bg.png in Resources */,
				4A6968FE0E1AD83800DCB40C /* Default.png in Resources */,
				310F88EE0E89A95700FA95A4 /* TODO in Resources */,
				31CB1FCD0E929EDD008B3093 /* test.png in Resources */,
				3108557A0E92B4B200208197 /* server.png in Resources */,
				310855870E92B81200208197 /* servericon.png in Resources */,
				3108559C0E92B95B00208197 /* rssicon.png in Resources */,
			);
			runOnlyForDeploymentPostprocessing = 0;
		};
		31C5B2C40E8C313C00B07BE9 /* Resources */ = {
			isa = PBXResourcesBuildPhase;
			buildActionMask = 2147483647;
			files = (
			);
			runOnlyForDeploymentPostprocessing = 0;
		};
/* End PBXResourcesBuildPhase section */

/* Begin PBXShellScriptBuildPhase section */
		31C5B2C70E8C313C00B07BE9 /* ShellScript */ = {
			isa = PBXShellScriptBuildPhase;
			buildActionMask = 2147483647;
			files = (
			);
			inputPaths = (
			);
			outputPaths = (
			);
			runOnlyForDeploymentPostprocessing = 0;
			shellPath = /bin/sh;
			shellScript = "# Run the unit tests in this test bundle.\n\"${SYSTEM_DEVELOPER_DIR}/Tools/RunUnitTests\"\n";
		};
/* End PBXShellScriptBuildPhase section */

/* Begin PBXSourcesBuildPhase section */
		1D60588E0D05DD3D006BFB54 /* Sources */ = {
			isa = PBXSourcesBuildPhase;
			buildActionMask = 2147483647;
			files = (
				316381DB0E8FEECB00044E4A /* ProjectViewController.m in Sources */,
				1D60589B0D05DD56006BFB54 /* main.m in Sources */,
				2D500B1C0D5A766900DBA0E3 /* AppController.m in Sources */,
				2D500FA20D5A86A600DBA0E3 /* TCPServer.m in Sources */,
				4A50295F0DF7068E00D72A3B /* BrowserViewController.m in Sources */,
				312C951E0E7A38F200182164 /* ObjGit.m in Sources */,
				3191AB5F0E830E8600957F79 /* ObjGitCommit.m in Sources */,
				3191AB600E830E8600957F79 /* ObjGitObject.m in Sources */,
				3191AB610E830E8600957F79 /* ObjGitServerHandler.m in Sources */,
				3191AB730E830F7800957F79 /* NSDataCompression.m in Sources */,
				31C5B2870E8BF40500B07BE9 /* ObjGitTree.m in Sources */,
				316382540E900E7100044E4A /* ProjectController.m in Sources */,
				316382CB0E901A9300044E4A /* ProjectDetailViewController.m in Sources */,
				311D2AF80E904D7000A08291 /* CommitsViewController.m in Sources */,
				311D2CD10E9155E500A08291 /* CommitDetailViewController.m in Sources */,
				310855400E92A7F300208197 /* ServerViewController.m in Sources */,
			);
			runOnlyForDeploymentPostprocessing = 0;
		};
		31C5B2C50E8C313C00B07BE9 /* Sources */ = {
			isa = PBXSourcesBuildPhase;
			buildActionMask = 2147483647;
			files = (
				31C5B3020E8C330200B07BE9 /* NSDataCompression.m in Sources */,
				31C5B2F30E8C327E00B07BE9 /* ObjGit.m in Sources */,
				31C5B2F40E8C327E00B07BE9 /* ObjGitCommit.m in Sources */,
				31C5B2F50E8C327E00B07BE9 /* ObjGitObject.m in Sources */,
				31C5B2F60E8C327E00B07BE9 /* ObjGitServerHandler.m in Sources */,
				31C5B2F10E8C326100B07BE9 /* ObjGitTree.m in Sources */,
				31C5B2F20E8C326100B07BE9 /* ObjGitTest.m in Sources */,
			);
			runOnlyForDeploymentPostprocessing = 0;
		};
/* End PBXSourcesBuildPhase section */

/* Begin XCBuildConfiguration section */
		1D6058940D05DD3E006BFB54 /* Debug */ = {
			isa = XCBuildConfiguration;
			buildSettings = {
				ALWAYS_SEARCH_USER_PATHS = NO;
				COPY_PHASE_STRIP = NO;
				DEBUG_INFORMATION_FORMAT = "dwarf-with-dsym";
				GCC_DYNAMIC_NO_PIC = NO;
				GCC_ENABLE_FIX_AND_CONTINUE = NO;
				GCC_OPTIMIZATION_LEVEL = 0;
				GCC_PRECOMPILE_PREFIX_HEADER = YES;
				GCC_PREFIX_HEADER = Prefix.pch;
				INFOPLIST_FILE = Info.plist;
				"OTHER_LDFLAGS[sdk=iphoneos*][arch=*]" = (
					"-framework",
					CFNetwork,
				);
				"OTHER_LDFLAGS[sdk=iphonesimulator2.0][arch=*]" = (
					"-framework",
					CoreServices,
				);
				PREBINDING = NO;
				PRODUCT_NAME = iGitHub;
				WARNING_CFLAGS = "-Wall";
			};
			name = Debug;
		};
		1D6058950D05DD3E006BFB54 /* Release */ = {
			isa = XCBuildConfiguration;
			buildSettings = {
				ALWAYS_SEARCH_USER_PATHS = NO;
				COPY_PHASE_STRIP = YES;
				DEBUG_INFORMATION_FORMAT = "dwarf-with-dsym";
				GCC_ENABLE_FIX_AND_CONTINUE = NO;
				GCC_PRECOMPILE_PREFIX_HEADER = YES;
				GCC_PREFIX_HEADER = Prefix.pch;
				INFOPLIST_FILE = Info.plist;
				"OTHER_LDFLAGS[sdk=iphoneos*][arch=*]" = (
					"-framework",
					CFNetwork,
				);
				"OTHER_LDFLAGS[sdk=iphonesimulator2.0][arch=*]" = (
					"-framework",
					CoreServices,
				);
				PREBINDING = NO;
				PRODUCT_NAME = iGitHub;
				WARNING_CFLAGS = "-Wall";
			};
			name = Release;
		};
		31C5B2CC0E8C313D00B07BE9 /* Debug */ = {
			isa = XCBuildConfiguration;
			buildSettings = {
				ALWAYS_SEARCH_USER_PATHS = NO;
				COPY_PHASE_STRIP = NO;
				FRAMEWORK_SEARCH_PATHS = "$(DEVELOPER_LIBRARY_DIR)/Frameworks";
				GCC_DYNAMIC_NO_PIC = NO;
				GCC_ENABLE_FIX_AND_CONTINUE = NO;
				GCC_ENABLE_OBJC_EXCEPTIONS = YES;
				GCC_MODEL_TUNING = G5;
				GCC_OPTIMIZATION_LEVEL = 0;
				GCC_PRECOMPILE_PREFIX_HEADER = YES;
				GCC_PREFIX_HEADER = "$(SYSTEM_LIBRARY_DIR)/Frameworks/Cocoa.framework/Headers/Cocoa.h";
				INFOPLIST_FILE = "UnitTests-Info.plist";
				INSTALL_PATH = "$(USER_LIBRARY_DIR)/Bundles";
				OTHER_LDFLAGS = (
					"-framework",
					Cocoa,
					"-framework",
					SenTestingKit,
				);
				PREBINDING = NO;
				PRODUCT_NAME = UnitTests;
				SDKROOT = macosx10.5;
				WRAPPER_EXTENSION = octest;
			};
			name = Debug;
		};
		31C5B2CD0E8C313D00B07BE9 /* Release */ = {
			isa = XCBuildConfiguration;
			buildSettings = {
				ALWAYS_SEARCH_USER_PATHS = NO;
				COPY_PHASE_STRIP = YES;
				DEBUG_INFORMATION_FORMAT = "dwarf-with-dsym";
				FRAMEWORK_SEARCH_PATHS = "$(DEVELOPER_LIBRARY_DIR)/Frameworks";
				GCC_ENABLE_FIX_AND_CONTINUE = NO;
				GCC_ENABLE_OBJC_EXCEPTIONS = YES;
				GCC_MODEL_TUNING = G5;
				GCC_PRECOMPILE_PREFIX_HEADER = YES;
				GCC_PREFIX_HEADER = "$(SYSTEM_LIBRARY_DIR)/Frameworks/Cocoa.framework/Headers/Cocoa.h";
				INFOPLIST_FILE = "UnitTests-Info.plist";
				INSTALL_PATH = "$(USER_LIBRARY_DIR)/Bundles";
				OTHER_LDFLAGS = (
					"-framework",
					Cocoa,
					"-framework",
					SenTestingKit,
				);
				PREBINDING = NO;
				PRODUCT_NAME = UnitTests;
				WRAPPER_EXTENSION = octest;
				ZERO_LINK = NO;
			};
			name = Release;
		};
		C01FCF4F08A954540054247B /* Debug */ = {
			isa = XCBuildConfiguration;
			buildSettings = {
				ARCHS = "$(ARCHS_STANDARD_32_BIT)";
				"CODE_SIGN_IDENTITY[sdk=iphoneos*]" = "iPhone Developer";
				ONLY_ACTIVE_ARCH = YES;
				SDKROOT = iphoneos2.0;
			};
			name = Debug;
		};
		C01FCF5008A954540054247B /* Release */ = {
			isa = XCBuildConfiguration;
			buildSettings = {
				ARCHS = "$(ARCHS_STANDARD_32_BIT)";
				"CODE_SIGN_IDENTITY[sdk=iphoneos*]" = "iPhone Developer";
				SDKROOT = iphoneos2.0;
			};
			name = Release;
		};
/* End XCBuildConfiguration section */

/* Begin XCConfigurationList section */
		1D6058960D05DD3E006BFB54 /* Build configuration list for PBXNativeTarget "iGitHub" */ = {
			isa = XCConfigurationList;
			buildConfigurations = (
				1D6058940D05DD3E006BFB54 /* Debug */,
				1D6058950D05DD3E006BFB54 /* Release */,
			);
			defaultConfigurationIsVisible = 0;
			defaultConfigurationName = Release;
		};
		31C5B2CE0E8C313D00B07BE9 /* Build configuration list for PBXNativeTarget "UnitTests" */ = {
			isa = XCConfigurationList;
			buildConfigurations = (
				31C5B2CC0E8C313D00B07BE9 /* Debug */,
				31C5B2CD0E8C313D00B07BE9 /* Release */,
			);
			defaultConfigurationIsVisible = 0;
			defaultConfigurationName = Release;
		};
		C01FCF4E08A954540054247B /* Build configuration list for PBXProject "iGitHub" */ = {
			isa = XCConfigurationList;
			buildConfigurations = (
				C01FCF4F08A954540054247B /* Debug */,
				C01FCF5008A954540054247B /* Release */,
			);
			defaultConfigurationIsVisible = 0;
			defaultConfigurationName = Release;
		};
/* End XCConfigurationList section */
	};
	rootObject = 29B97313FDCFA39411CA2CEA /* Project object */;
}
